{
  "pins" : [
    {
      "identity" : "chartview",
      "kind" : "remoteSourceControl",
      "location" : "https://github.com/AppPear/ChartView",
      "state" : {
        "revision" : "c6610f567975469aaa2a8d6eb225c7162e6d0736",
        "version" : "1.5.3"
      }
    },
    {
      "identity" : "coregpx",
      "kind" : "remoteSourceControl",
      "location" : "https://github.com/vincentneo/CoreGPX.git",
      "state" : {
        "revision" : "90dea5dea799e2b3684f5c72f07141d8516ce80b",
        "version" : "0.9.2"
      }
    },
    {
      "identity" : "hidabletabview-swiftui",
      "kind" : "remoteSourceControl",
      "location" : "https://github.com/AliMert/HidableTabView-SwiftUI.git",
      "state" : {
        "revision" : "9acb7587050fabadd38b7563aaa19f93ba133b73",
        "version" : "1.0.1"
      }
    },
    {
      "identity" : "semaphore",
      "kind" : "remoteSourceControl",
      "location" : "https://github.com/groue/Semaphore.git",
      "state" : {
        "revision" : "f1c4a0acabeb591068dea6cffdd39660b86dec28",
        "version" : "0.0.8"
      }
    }
  ],
  "version" : 2
}
