{
  "originHash" : "4864ff1f8489c26327aace9e05bc1fec5b8f2134af86f2a4b25f0720cabfb53b",
  "pins" : [
    {
      "identity" : "chartview",
      "kind" : "remoteSourceControl",
      "location" : "git@github.com:matvdg/ChartView.git",
      "state" : {
        "branch" : "master",
        "revision" : "e8662ced8aeb6b8517feeb3b807de04f6c5a0e7d"
      }
    },
    {
      "identity" : "coregpx",
      "kind" : "remoteSourceControl",
      "location" : "https://github.com/vincentneo/CoreGPX.git",
      "state" : {
        "revision" : "90dea5dea799e2b3684f5c72f07141d8516ce80b",
        "version" : "0.9.2"
      }
    },
    {
      "identity" : "hidabletabview-swiftui",
      "kind" : "remoteSourceControl",
      "location" : "https://github.com/AliMert/HidableTabView-SwiftUI.git",
      "state" : {
        "revision" : "9acb7587050fabadd38b7563aaa19f93ba133b73",
        "version" : "1.0.1"
      }
    },
    {
      "identity" : "semaphore",
      "kind" : "remoteSourceControl",
      "location" : "https://github.com/groue/Semaphore.git",
      "state" : {
        "revision" : "f1c4a0acabeb591068dea6cffdd39660b86dec28",
        "version" : "0.0.8"
      }
    }
  ],
  "version" : 3
}
