// !$*UTF8*$!
{
	archiveVersion = 1;
	classes = {
	};
	objectVersion = 50;
	objects = {

/* Begin PBXBuildFile section */
		D0531A6A246788920020FFE0 /* alpha.png in Resources */ = {isa = PBXBuildFile; fileRef = D0531A69246788920020FFE0 /* alpha.png */; };
		D0531A6F2467FD8C0020FFE0 /* Localizable.strings in Resources */ = {isa = PBXBuildFile; fileRef = D0531A712467FD8C0020FFE0 /* Localizable.strings */; };
		D0531A742467FE4C0020FFE0 /* String.swift in Sources */ = {isa = PBXBuildFile; fileRef = D0531A732467FE4C0020FFE0 /* String.swift */; };
		D0531A76246820BA0020FFE0 /* MapControl.swift in Sources */ = {isa = PBXBuildFile; fileRef = D0531A75246820BA0020FFE0 /* MapControl.swift */; };
		D05B14FF2460041F00B24666 /* HomeView.swift in Sources */ = {isa = PBXBuildFile; fileRef = D05B14FE2460041F00B24666 /* HomeView.swift */; };
		D0630B6B245F571F006F6C44 /* LocationManager.swift in Sources */ = {isa = PBXBuildFile; fileRef = D0630B6A245F571F006F6C44 /* LocationManager.swift */; };
		D0634793245D768B003BA9E7 /* AppDelegate.swift in Sources */ = {isa = PBXBuildFile; fileRef = D0634792245D768B003BA9E7 /* AppDelegate.swift */; };
		D0634795245D768B003BA9E7 /* SceneDelegate.swift in Sources */ = {isa = PBXBuildFile; fileRef = D0634794245D768B003BA9E7 /* SceneDelegate.swift */; };
		D0634797245D768B003BA9E7 /* ContentView.swift in Sources */ = {isa = PBXBuildFile; fileRef = D0634796245D768B003BA9E7 /* ContentView.swift */; };
		D0634799245D768C003BA9E7 /* Assets.xcassets in Resources */ = {isa = PBXBuildFile; fileRef = D0634798245D768C003BA9E7 /* Assets.xcassets */; };
		D063479C245D768C003BA9E7 /* Preview Assets.xcassets in Resources */ = {isa = PBXBuildFile; fileRef = D063479B245D768C003BA9E7 /* Preview Assets.xcassets */; };
		D063479F245D768C003BA9E7 /* LaunchScreen.storyboard in Resources */ = {isa = PBXBuildFile; fileRef = D063479D245D768C003BA9E7 /* LaunchScreen.storyboard */; };
		D06347A7245DCD34003BA9E7 /* MapView.swift in Sources */ = {isa = PBXBuildFile; fileRef = D06347A6245DCD34003BA9E7 /* MapView.swift */; };
		D06347A9245DCD8B003BA9E7 /* PoiView.swift in Sources */ = {isa = PBXBuildFile; fileRef = D06347A8245DCD8B003BA9E7 /* PoiView.swift */; };
		D06347B5245DD4A9003BA9E7 /* gr10.gpx in Resources */ = {isa = PBXBuildFile; fileRef = D06347AD245DD4A8003BA9E7 /* gr10.gpx */; };
		D06347C5245DD784003BA9E7 /* GpxManager.swift in Sources */ = {isa = PBXBuildFile; fileRef = D06347C4245DD784003BA9E7 /* GpxManager.swift */; };
		D083A78A246734DB00E87F08 /* DownloadView.swift in Sources */ = {isa = PBXBuildFile; fileRef = D083A789246734DB00E87F08 /* DownloadView.swift */; };
		D083A78C246739EA00E87F08 /* ProgressBar.swift in Sources */ = {isa = PBXBuildFile; fileRef = D083A78B246739EA00E87F08 /* ProgressBar.swift */; };
		D08AB2682465BAAD00793417 /* PoiRow.swift in Sources */ = {isa = PBXBuildFile; fileRef = D08AB2672465BAAD00793417 /* PoiRow.swift */; };
		D08AB26A2465BC7000793417 /* PoiDetail.swift in Sources */ = {isa = PBXBuildFile; fileRef = D08AB2692465BC7000793417 /* PoiDetail.swift */; };
		D08AB26C2465BCDC00793417 /* CircleImage.swift in Sources */ = {isa = PBXBuildFile; fileRef = D08AB26B2465BCDC00793417 /* CircleImage.swift */; };
		D08AB26E2465C17300793417 /* MiniMapView.swift in Sources */ = {isa = PBXBuildFile; fileRef = D08AB26D2465C17300793417 /* MiniMapView.swift */; };
		D08F1A9C2465919300335281 /* PoiManager.swift in Sources */ = {isa = PBXBuildFile; fileRef = D08F1A9B2465919300335281 /* PoiManager.swift */; };
		D08F1A9E2465A66300335281 /* Poi.swift in Sources */ = {isa = PBXBuildFile; fileRef = D08F1A9D2465A66300335281 /* Poi.swift */; };
		D09FB0092465D2360007F55B /* MiniImage.swift in Sources */ = {isa = PBXBuildFile; fileRef = D09FB0082465D2360007F55B /* MiniImage.swift */; };
		D09FB00C2465E15C0007F55B /* View.swift in Sources */ = {isa = PBXBuildFile; fileRef = D09FB00B2465E15C0007F55B /* View.swift */; };
		D09FB00F2465E4080007F55B /* CircleButton.swift in Sources */ = {isa = PBXBuildFile; fileRef = D09FB00E2465E4080007F55B /* CircleButton.swift */; };
		D0C40E04245F37F900EF4873 /* TileManager.swift in Sources */ = {isa = PBXBuildFile; fileRef = D0C40E03245F37F900EF4873 /* TileManager.swift */; };
		D0F8633124615D56007C363A /* pois.json in Resources */ = {isa = PBXBuildFile; fileRef = D0F8633024615D56007C363A /* pois.json */; };
		D0F93740246831D9005E8503 /* NotificationManager.swift in Sources */ = {isa = PBXBuildFile; fileRef = D0F9373F246831D9005E8503 /* NotificationManager.swift */; };
/* End PBXBuildFile section */

/* Begin PBXFileReference section */
		D0531A69246788920020FFE0 /* alpha.png */ = {isa = PBXFileReference; lastKnownFileType = image.png; path = alpha.png; sourceTree = "<group>"; };
		D0531A6C2467FD3A0020FFE0 /* fr */ = {isa = PBXFileReference; lastKnownFileType = text.plist.strings; name = fr; path = fr.lproj/LaunchScreen.strings; sourceTree = "<group>"; };
		D0531A702467FD8C0020FFE0 /* fr */ = {isa = PBXFileReference; lastKnownFileType = text.plist.strings; name = fr; path = fr.lproj/Localizable.strings; sourceTree = "<group>"; };
		D0531A722467FD940020FFE0 /* en */ = {isa = PBXFileReference; lastKnownFileType = text.plist.strings; name = en; path = en.lproj/Localizable.strings; sourceTree = "<group>"; };
		D0531A732467FE4C0020FFE0 /* String.swift */ = {isa = PBXFileReference; lastKnownFileType = sourcecode.swift; path = String.swift; sourceTree = "<group>"; };
		D0531A75246820BA0020FFE0 /* MapControl.swift */ = {isa = PBXFileReference; lastKnownFileType = sourcecode.swift; path = MapControl.swift; sourceTree = "<group>"; };
		D05B14FE2460041F00B24666 /* HomeView.swift */ = {isa = PBXFileReference; lastKnownFileType = sourcecode.swift; path = HomeView.swift; sourceTree = "<group>"; };
		D0630B6A245F571F006F6C44 /* LocationManager.swift */ = {isa = PBXFileReference; lastKnownFileType = sourcecode.swift; path = LocationManager.swift; sourceTree = "<group>"; };
		D0630B6C245F5828006F6C44 /* Etang d'Araing.gpx */ = {isa = PBXFileReference; lastKnownFileType = text.xml; path = "Etang d'Araing.gpx"; sourceTree = "<group>"; };
		D063478F245D768B003BA9E7 /* GR10.app */ = {isa = PBXFileReference; explicitFileType = wrapper.application; includeInIndex = 0; path = GR10.app; sourceTree = BUILT_PRODUCTS_DIR; };
		D0634792245D768B003BA9E7 /* AppDelegate.swift */ = {isa = PBXFileReference; lastKnownFileType = sourcecode.swift; path = AppDelegate.swift; sourceTree = "<group>"; };
		D0634794245D768B003BA9E7 /* SceneDelegate.swift */ = {isa = PBXFileReference; lastKnownFileType = sourcecode.swift; path = SceneDelegate.swift; sourceTree = "<group>"; };
		D0634796245D768B003BA9E7 /* ContentView.swift */ = {isa = PBXFileReference; lastKnownFileType = sourcecode.swift; path = ContentView.swift; sourceTree = "<group>"; };
		D0634798245D768C003BA9E7 /* Assets.xcassets */ = {isa = PBXFileReference; lastKnownFileType = folder.assetcatalog; path = Assets.xcassets; sourceTree = "<group>"; };
		D063479B245D768C003BA9E7 /* Preview Assets.xcassets */ = {isa = PBXFileReference; lastKnownFileType = folder.assetcatalog; path = "Preview Assets.xcassets"; sourceTree = "<group>"; };
		D063479E245D768C003BA9E7 /* Base */ = {isa = PBXFileReference; lastKnownFileType = file.storyboard; name = Base; path = Base.lproj/LaunchScreen.storyboard; sourceTree = "<group>"; };
		D06347A0245D768C003BA9E7 /* Info.plist */ = {isa = PBXFileReference; lastKnownFileType = text.plist.xml; path = Info.plist; sourceTree = "<group>"; };
		D06347A6245DCD34003BA9E7 /* MapView.swift */ = {isa = PBXFileReference; lastKnownFileType = sourcecode.swift; path = MapView.swift; sourceTree = "<group>"; };
		D06347A8245DCD8B003BA9E7 /* PoiView.swift */ = {isa = PBXFileReference; lastKnownFileType = sourcecode.swift; path = PoiView.swift; sourceTree = "<group>"; };
		D06347AD245DD4A8003BA9E7 /* gr10.gpx */ = {isa = PBXFileReference; fileEncoding = 4; lastKnownFileType = text.xml; path = gr10.gpx; sourceTree = "<group>"; };
		D06347C4245DD784003BA9E7 /* GpxManager.swift */ = {isa = PBXFileReference; lastKnownFileType = sourcecode.swift; path = GpxManager.swift; sourceTree = "<group>"; };
		D083A789246734DB00E87F08 /* DownloadView.swift */ = {isa = PBXFileReference; lastKnownFileType = sourcecode.swift; path = DownloadView.swift; sourceTree = "<group>"; };
		D083A78B246739EA00E87F08 /* ProgressBar.swift */ = {isa = PBXFileReference; lastKnownFileType = sourcecode.swift; path = ProgressBar.swift; sourceTree = "<group>"; };
		D08AB2672465BAAD00793417 /* PoiRow.swift */ = {isa = PBXFileReference; lastKnownFileType = sourcecode.swift; path = PoiRow.swift; sourceTree = "<group>"; };
		D08AB2692465BC7000793417 /* PoiDetail.swift */ = {isa = PBXFileReference; lastKnownFileType = sourcecode.swift; path = PoiDetail.swift; sourceTree = "<group>"; };
		D08AB26B2465BCDC00793417 /* CircleImage.swift */ = {isa = PBXFileReference; lastKnownFileType = sourcecode.swift; path = CircleImage.swift; sourceTree = "<group>"; };
		D08AB26D2465C17300793417 /* MiniMapView.swift */ = {isa = PBXFileReference; lastKnownFileType = sourcecode.swift; path = MiniMapView.swift; sourceTree = "<group>"; };
		D08F1A9B2465919300335281 /* PoiManager.swift */ = {isa = PBXFileReference; lastKnownFileType = sourcecode.swift; path = PoiManager.swift; sourceTree = "<group>"; };
		D08F1A9D2465A66300335281 /* Poi.swift */ = {isa = PBXFileReference; lastKnownFileType = sourcecode.swift; path = Poi.swift; sourceTree = "<group>"; };
		D09FB0082465D2360007F55B /* MiniImage.swift */ = {isa = PBXFileReference; lastKnownFileType = sourcecode.swift; path = MiniImage.swift; sourceTree = "<group>"; };
		D09FB00B2465E15C0007F55B /* View.swift */ = {isa = PBXFileReference; lastKnownFileType = sourcecode.swift; path = View.swift; sourceTree = "<group>"; };
		D09FB00E2465E4080007F55B /* CircleButton.swift */ = {isa = PBXFileReference; lastKnownFileType = sourcecode.swift; path = CircleButton.swift; sourceTree = "<group>"; };
		D0B01A8C2460420A00EE62AD /* GR10.entitlements */ = {isa = PBXFileReference; lastKnownFileType = text.plist.entitlements; path = GR10.entitlements; sourceTree = "<group>"; };
		D0C40E03245F37F900EF4873 /* TileManager.swift */ = {isa = PBXFileReference; lastKnownFileType = sourcecode.swift; path = TileManager.swift; sourceTree = "<group>"; };
		D0F8633024615D56007C363A /* pois.json */ = {isa = PBXFileReference; lastKnownFileType = text.json; path = pois.json; sourceTree = "<group>"; };
		D0F9373F246831D9005E8503 /* NotificationManager.swift */ = {isa = PBXFileReference; lastKnownFileType = sourcecode.swift; path = NotificationManager.swift; sourceTree = "<group>"; };
/* End PBXFileReference section */

/* Begin PBXFrameworksBuildPhase section */
		D063478C245D768B003BA9E7 /* Frameworks */ = {
			isa = PBXFrameworksBuildPhase;
			buildActionMask = 2147483647;
			files = (
			);
			runOnlyForDeploymentPostprocessing = 0;
		};
/* End PBXFrameworksBuildPhase section */

/* Begin PBXGroup section */
		D0531A6B2467FC150020FFE0 /* Poi */ = {
			isa = PBXGroup;
			children = (
				D06347A8245DCD8B003BA9E7 /* PoiView.swift */,
				D08AB2692465BC7000793417 /* PoiDetail.swift */,
				D08AB2672465BAAD00793417 /* PoiRow.swift */,
			);
			path = Poi;
			sourceTree = "<group>";
		};
		D05B15002460042E00B24666 /* UI */ = {
			isa = PBXGroup;
			children = (
				D0634796245D768B003BA9E7 /* ContentView.swift */,
				D083A789246734DB00E87F08 /* DownloadView.swift */,
				D05B14FE2460041F00B24666 /* HomeView.swift */,
				D06347A6245DCD34003BA9E7 /* MapView.swift */,
				D0531A6B2467FC150020FFE0 /* Poi */,
				D09FB00D2465E3F30007F55B /* Shared */,
			);
			path = UI;
			sourceTree = "<group>";
		};
		D05B15012460045100B24666 /* SupportingFiles */ = {
			isa = PBXGroup;
			children = (
				D063479A245D768C003BA9E7 /* Preview Content */,
				D0634792245D768B003BA9E7 /* AppDelegate.swift */,
				D0634794245D768B003BA9E7 /* SceneDelegate.swift */,
				D063479D245D768C003BA9E7 /* LaunchScreen.storyboard */,
				D0B01A8C2460420A00EE62AD /* GR10.entitlements */,
				D06347A0245D768C003BA9E7 /* Info.plist */,
				D0531A712467FD8C0020FFE0 /* Localizable.strings */,
			);
			path = SupportingFiles;
			sourceTree = "<group>";
		};
		D05B15022460048700B24666 /* Services */ = {
			isa = PBXGroup;
			children = (
				D0F9373E24683191005E8503 /* Notification */,
				D0F8632F24615D24007C363A /* Poi */,
				D06347BB245DD66A003BA9E7 /* Tile */,
				D06347AA245DD493003BA9E7 /* Gpx */,
				D05B1503246004BE00B24666 /* Location */,
			);
			path = Services;
			sourceTree = "<group>";
		};
		D05B1503246004BE00B24666 /* Location */ = {
			isa = PBXGroup;
			children = (
				D0630B6A245F571F006F6C44 /* LocationManager.swift */,
			);
			path = Location;
			sourceTree = "<group>";
		};
		D0634786245D768B003BA9E7 = {
			isa = PBXGroup;
			children = (
				D0634791245D768B003BA9E7 /* GR10 */,
				D0634790245D768B003BA9E7 /* Products */,
			);
			sourceTree = "<group>";
		};
		D0634790245D768B003BA9E7 /* Products */ = {
			isa = PBXGroup;
			children = (
				D063478F245D768B003BA9E7 /* GR10.app */,
			);
			name = Products;
			sourceTree = "<group>";
		};
		D0634791245D768B003BA9E7 /* GR10 */ = {
			isa = PBXGroup;
			children = (
				D05B15002460042E00B24666 /* UI */,
				D05B15022460048700B24666 /* Services */,
				D09FB00A2465E14A0007F55B /* Extensions */,
				D05B15012460045100B24666 /* SupportingFiles */,
				D0634798245D768C003BA9E7 /* Assets.xcassets */,
			);
			path = GR10;
			sourceTree = "<group>";
		};
		D063479A245D768C003BA9E7 /* Preview Content */ = {
			isa = PBXGroup;
			children = (
				D063479B245D768C003BA9E7 /* Preview Assets.xcassets */,
			);
			path = "Preview Content";
			sourceTree = "<group>";
		};
		D06347AA245DD493003BA9E7 /* Gpx */ = {
			isa = PBXGroup;
			children = (
				D0630B6C245F5828006F6C44 /* Etang d'Araing.gpx */,
				D06347AD245DD4A8003BA9E7 /* gr10.gpx */,
				D06347C4245DD784003BA9E7 /* GpxManager.swift */,
			);
			path = Gpx;
			sourceTree = "<group>";
		};
		D06347BB245DD66A003BA9E7 /* Tile */ = {
			isa = PBXGroup;
			children = (
				D0531A69246788920020FFE0 /* alpha.png */,
				D0C40E03245F37F900EF4873 /* TileManager.swift */,
			);
			path = Tile;
			sourceTree = "<group>";
		};
		D09FB00A2465E14A0007F55B /* Extensions */ = {
			isa = PBXGroup;
			children = (
				D09FB00B2465E15C0007F55B /* View.swift */,
				D0531A732467FE4C0020FFE0 /* String.swift */,
			);
			path = Extensions;
			sourceTree = "<group>";
		};
		D09FB00D2465E3F30007F55B /* Shared */ = {
			isa = PBXGroup;
			children = (
				D08AB26B2465BCDC00793417 /* CircleImage.swift */,
				D09FB0082465D2360007F55B /* MiniImage.swift */,
				D08AB26D2465C17300793417 /* MiniMapView.swift */,
				D083A78B246739EA00E87F08 /* ProgressBar.swift */,
				D09FB00E2465E4080007F55B /* CircleButton.swift */,
				D0531A75246820BA0020FFE0 /* MapControl.swift */,
			);
			path = Shared;
			sourceTree = "<group>";
		};
		D0F8632F24615D24007C363A /* Poi */ = {
			isa = PBXGroup;
			children = (
				D0F8633024615D56007C363A /* pois.json */,
				D08F1A9B2465919300335281 /* PoiManager.swift */,
				D08F1A9D2465A66300335281 /* Poi.swift */,
			);
			path = Poi;
			sourceTree = "<group>";
		};
		D0F9373E24683191005E8503 /* Notification */ = {
			isa = PBXGroup;
			children = (
				D0F9373F246831D9005E8503 /* NotificationManager.swift */,
			);
			path = Notification;
			sourceTree = "<group>";
		};
/* End PBXGroup section */

/* Begin PBXNativeTarget section */
		D063478E245D768B003BA9E7 /* GR10 */ = {
			isa = PBXNativeTarget;
			buildConfigurationList = D06347A3245D768C003BA9E7 /* Build configuration list for PBXNativeTarget "GR10" */;
			buildPhases = (
				D063478B245D768B003BA9E7 /* Sources */,
				D063478C245D768B003BA9E7 /* Frameworks */,
				D063478D245D768B003BA9E7 /* Resources */,
			);
			buildRules = (
			);
			dependencies = (
			);
			name = GR10;
			productName = GR10;
			productReference = D063478F245D768B003BA9E7 /* GR10.app */;
			productType = "com.apple.product-type.application";
		};
/* End PBXNativeTarget section */

/* Begin PBXProject section */
		D0634787245D768B003BA9E7 /* Project object */ = {
			isa = PBXProject;
			attributes = {
				LastSwiftUpdateCheck = 1140;
				LastUpgradeCheck = 1140;
				ORGANIZATIONNAME = "Mathieu Vandeginste";
				TargetAttributes = {
					D063478E245D768B003BA9E7 = {
						CreatedOnToolsVersion = 11.4.1;
					};
				};
			};
			buildConfigurationList = D063478A245D768B003BA9E7 /* Build configuration list for PBXProject "GR10" */;
			compatibilityVersion = "Xcode 9.3";
			developmentRegion = en;
			hasScannedForEncodings = 0;
			knownRegions = (
				en,
				Base,
				fr,
			);
			mainGroup = D0634786245D768B003BA9E7;
			productRefGroup = D0634790245D768B003BA9E7 /* Products */;
			projectDirPath = "";
			projectRoot = "";
			targets = (
				D063478E245D768B003BA9E7 /* GR10 */,
			);
		};
/* End PBXProject section */

/* Begin PBXResourcesBuildPhase section */
		D063478D245D768B003BA9E7 /* Resources */ = {
			isa = PBXResourcesBuildPhase;
			buildActionMask = 2147483647;
			files = (
				D063479F245D768C003BA9E7 /* LaunchScreen.storyboard in Resources */,
				D06347B5245DD4A9003BA9E7 /* gr10.gpx in Resources */,
				D063479C245D768C003BA9E7 /* Preview Assets.xcassets in Resources */,
				D0531A6A246788920020FFE0 /* alpha.png in Resources */,
				D0531A6F2467FD8C0020FFE0 /* Localizable.strings in Resources */,
				D0634799245D768C003BA9E7 /* Assets.xcassets in Resources */,
				D0F8633124615D56007C363A /* pois.json in Resources */,
			);
			runOnlyForDeploymentPostprocessing = 0;
		};
/* End PBXResourcesBuildPhase section */

/* Begin PBXSourcesBuildPhase section */
		D063478B245D768B003BA9E7 /* Sources */ = {
			isa = PBXSourcesBuildPhase;
			buildActionMask = 2147483647;
			files = (
				D08F1A9E2465A66300335281 /* Poi.swift in Sources */,
				D06347C5245DD784003BA9E7 /* GpxManager.swift in Sources */,
				D08AB26E2465C17300793417 /* MiniMapView.swift in Sources */,
				D0634793245D768B003BA9E7 /* AppDelegate.swift in Sources */,
				D083A78A246734DB00E87F08 /* DownloadView.swift in Sources */,
				D06347A7245DCD34003BA9E7 /* MapView.swift in Sources */,
				D0F93740246831D9005E8503 /* NotificationManager.swift in Sources */,
				D08AB2682465BAAD00793417 /* PoiRow.swift in Sources */,
				D05B14FF2460041F00B24666 /* HomeView.swift in Sources */,
				D0634795245D768B003BA9E7 /* SceneDelegate.swift in Sources */,
				D08F1A9C2465919300335281 /* PoiManager.swift in Sources */,
				D09FB0092465D2360007F55B /* MiniImage.swift in Sources */,
				D08AB26A2465BC7000793417 /* PoiDetail.swift in Sources */,
				D0531A742467FE4C0020FFE0 /* String.swift in Sources */,
				D0531A76246820BA0020FFE0 /* MapControl.swift in Sources */,
				D0C40E04245F37F900EF4873 /* TileManager.swift in Sources */,
				D083A78C246739EA00E87F08 /* ProgressBar.swift in Sources */,
				D06347A9245DCD8B003BA9E7 /* PoiView.swift in Sources */,
				D09FB00F2465E4080007F55B /* CircleButton.swift in Sources */,
				D09FB00C2465E15C0007F55B /* View.swift in Sources */,
				D0634797245D768B003BA9E7 /* ContentView.swift in Sources */,
				D0630B6B245F571F006F6C44 /* LocationManager.swift in Sources */,
				D08AB26C2465BCDC00793417 /* CircleImage.swift in Sources */,
			);
			runOnlyForDeploymentPostprocessing = 0;
		};
/* End PBXSourcesBuildPhase section */

/* Begin PBXVariantGroup section */
		D0531A712467FD8C0020FFE0 /* Localizable.strings */ = {
			isa = PBXVariantGroup;
			children = (
				D0531A702467FD8C0020FFE0 /* fr */,
				D0531A722467FD940020FFE0 /* en */,
			);
			name = Localizable.strings;
			sourceTree = "<group>";
		};
		D063479D245D768C003BA9E7 /* LaunchScreen.storyboard */ = {
			isa = PBXVariantGroup;
			children = (
				D063479E245D768C003BA9E7 /* Base */,
				D0531A6C2467FD3A0020FFE0 /* fr */,
			);
			name = LaunchScreen.storyboard;
			sourceTree = "<group>";
		};
/* End PBXVariantGroup section */

/* Begin XCBuildConfiguration section */
		D06347A1245D768C003BA9E7 /* Debug */ = {
			isa = XCBuildConfiguration;
			buildSettings = {
				ALWAYS_SEARCH_USER_PATHS = NO;
				CLANG_ANALYZER_LOCALIZABILITY_NONLOCALIZED = YES;
				CLANG_ANALYZER_NONNULL = YES;
				CLANG_ANALYZER_NUMBER_OBJECT_CONVERSION = YES_AGGRESSIVE;
				CLANG_CXX_LANGUAGE_STANDARD = "gnu++14";
				CLANG_CXX_LIBRARY = "libc++";
				CLANG_ENABLE_MODULES = YES;
				CLANG_ENABLE_OBJC_ARC = YES;
				CLANG_ENABLE_OBJC_WEAK = YES;
				CLANG_WARN_BLOCK_CAPTURE_AUTORELEASING = YES;
				CLANG_WARN_BOOL_CONVERSION = YES;
				CLANG_WARN_COMMA = YES;
				CLANG_WARN_CONSTANT_CONVERSION = YES;
				CLANG_WARN_DEPRECATED_OBJC_IMPLEMENTATIONS = YES;
				CLANG_WARN_DIRECT_OBJC_ISA_USAGE = YES_ERROR;
				CLANG_WARN_DOCUMENTATION_COMMENTS = YES;
				CLANG_WARN_EMPTY_BODY = YES;
				CLANG_WARN_ENUM_CONVERSION = YES;
				CLANG_WARN_INFINITE_RECURSION = YES;
				CLANG_WARN_INT_CONVERSION = YES;
				CLANG_WARN_NON_LITERAL_NULL_CONVERSION = YES;
				CLANG_WARN_OBJC_IMPLICIT_RETAIN_SELF = YES;
				CLANG_WARN_OBJC_LITERAL_CONVERSION = YES;
				CLANG_WARN_OBJC_ROOT_CLASS = YES_ERROR;
				CLANG_WARN_RANGE_LOOP_ANALYSIS = YES;
				CLANG_WARN_STRICT_PROTOTYPES = YES;
				CLANG_WARN_SUSPICIOUS_MOVE = YES;
				CLANG_WARN_UNGUARDED_AVAILABILITY = YES_AGGRESSIVE;
				CLANG_WARN_UNREACHABLE_CODE = YES;
				CLANG_WARN__DUPLICATE_METHOD_MATCH = YES;
				COPY_PHASE_STRIP = NO;
				DEBUG_INFORMATION_FORMAT = dwarf;
				ENABLE_STRICT_OBJC_MSGSEND = YES;
				ENABLE_TESTABILITY = YES;
				GCC_C_LANGUAGE_STANDARD = gnu11;
				GCC_DYNAMIC_NO_PIC = NO;
				GCC_NO_COMMON_BLOCKS = YES;
				GCC_OPTIMIZATION_LEVEL = 0;
				GCC_PREPROCESSOR_DEFINITIONS = (
					"DEBUG=1",
					"$(inherited)",
				);
				GCC_WARN_64_TO_32_BIT_CONVERSION = YES;
				GCC_WARN_ABOUT_RETURN_TYPE = YES_ERROR;
				GCC_WARN_UNDECLARED_SELECTOR = YES;
				GCC_WARN_UNINITIALIZED_AUTOS = YES_AGGRESSIVE;
				GCC_WARN_UNUSED_FUNCTION = YES;
				GCC_WARN_UNUSED_VARIABLE = YES;
				IPHONEOS_DEPLOYMENT_TARGET = 13.4;
				MTL_ENABLE_DEBUG_INFO = INCLUDE_SOURCE;
				MTL_FAST_MATH = YES;
				ONLY_ACTIVE_ARCH = YES;
				SDKROOT = iphoneos;
				SWIFT_ACTIVE_COMPILATION_CONDITIONS = DEBUG;
				SWIFT_OPTIMIZATION_LEVEL = "-Onone";
			};
			name = Debug;
		};
		D06347A2245D768C003BA9E7 /* Release */ = {
			isa = XCBuildConfiguration;
			buildSettings = {
				ALWAYS_SEARCH_USER_PATHS = NO;
				CLANG_ANALYZER_LOCALIZABILITY_NONLOCALIZED = YES;
				CLANG_ANALYZER_NONNULL = YES;
				CLANG_ANALYZER_NUMBER_OBJECT_CONVERSION = YES_AGGRESSIVE;
				CLANG_CXX_LANGUAGE_STANDARD = "gnu++14";
				CLANG_CXX_LIBRARY = "libc++";
				CLANG_ENABLE_MODULES = YES;
				CLANG_ENABLE_OBJC_ARC = YES;
				CLANG_ENABLE_OBJC_WEAK = YES;
				CLANG_WARN_BLOCK_CAPTURE_AUTORELEASING = YES;
				CLANG_WARN_BOOL_CONVERSION = YES;
				CLANG_WARN_COMMA = YES;
				CLANG_WARN_CONSTANT_CONVERSION = YES;
				CLANG_WARN_DEPRECATED_OBJC_IMPLEMENTATIONS = YES;
				CLANG_WARN_DIRECT_OBJC_ISA_USAGE = YES_ERROR;
				CLANG_WARN_DOCUMENTATION_COMMENTS = YES;
				CLANG_WARN_EMPTY_BODY = YES;
				CLANG_WARN_ENUM_CONVERSION = YES;
				CLANG_WARN_INFINITE_RECURSION = YES;
				CLANG_WARN_INT_CONVERSION = YES;
				CLANG_WARN_NON_LITERAL_NULL_CONVERSION = YES;
				CLANG_WARN_OBJC_IMPLICIT_RETAIN_SELF = YES;
				CLANG_WARN_OBJC_LITERAL_CONVERSION = YES;
				CLANG_WARN_OBJC_ROOT_CLASS = YES_ERROR;
				CLANG_WARN_RANGE_LOOP_ANALYSIS = YES;
				CLANG_WARN_STRICT_PROTOTYPES = YES;
				CLANG_WARN_SUSPICIOUS_MOVE = YES;
				CLANG_WARN_UNGUARDED_AVAILABILITY = YES_AGGRESSIVE;
				CLANG_WARN_UNREACHABLE_CODE = YES;
				CLANG_WARN__DUPLICATE_METHOD_MATCH = YES;
				COPY_PHASE_STRIP = NO;
				DEBUG_INFORMATION_FORMAT = "dwarf-with-dsym";
				ENABLE_NS_ASSERTIONS = NO;
				ENABLE_STRICT_OBJC_MSGSEND = YES;
				GCC_C_LANGUAGE_STANDARD = gnu11;
				GCC_NO_COMMON_BLOCKS = YES;
				GCC_WARN_64_TO_32_BIT_CONVERSION = YES;
				GCC_WARN_ABOUT_RETURN_TYPE = YES_ERROR;
				GCC_WARN_UNDECLARED_SELECTOR = YES;
				GCC_WARN_UNINITIALIZED_AUTOS = YES_AGGRESSIVE;
				GCC_WARN_UNUSED_FUNCTION = YES;
				GCC_WARN_UNUSED_VARIABLE = YES;
				IPHONEOS_DEPLOYMENT_TARGET = 13.4;
				MTL_ENABLE_DEBUG_INFO = NO;
				MTL_FAST_MATH = YES;
				SDKROOT = iphoneos;
				SWIFT_COMPILATION_MODE = wholemodule;
				SWIFT_OPTIMIZATION_LEVEL = "-O";
				VALIDATE_PRODUCT = YES;
			};
			name = Release;
		};
		D06347A4245D768C003BA9E7 /* Debug */ = {
			isa = XCBuildConfiguration;
			buildSettings = {
				ASSETCATALOG_COMPILER_APPICON_NAME = AppIcon;
				CODE_SIGN_ENTITLEMENTS = GR10/SupportingFiles/GR10.entitlements;
				"CODE_SIGN_IDENTITY[sdk=macosx*]" = "Apple Development";
				CODE_SIGN_STYLE = Automatic;
				DEVELOPMENT_ASSET_PATHS = "\"GR10/SupportingFiles/Preview Content\"";
				DEVELOPMENT_TEAM = QJPL572NZY;
				ENABLE_PREVIEWS = YES;
				INFOPLIST_FILE = GR10/SupportingFiles/Info.plist;
				LD_RUNPATH_SEARCH_PATHS = (
					"$(inherited)",
					"@executable_path/Frameworks",
				);
				PRODUCT_BUNDLE_IDENTIFIER = com.matvdg.gr10app;
				PRODUCT_NAME = "$(TARGET_NAME)";
				SUPPORTS_MACCATALYST = YES;
				SWIFT_VERSION = 5.0;
				TARGETED_DEVICE_FAMILY = "1,2";
			};
			name = Debug;
		};
		D06347A5245D768C003BA9E7 /* Release */ = {
			isa = XCBuildConfiguration;
			buildSettings = {
				ASSETCATALOG_COMPILER_APPICON_NAME = AppIcon;
				CODE_SIGN_ENTITLEMENTS = GR10/SupportingFiles/GR10.entitlements;
				"CODE_SIGN_IDENTITY[sdk=macosx*]" = "-";
				CODE_SIGN_STYLE = Automatic;
				DEVELOPMENT_ASSET_PATHS = "\"GR10/SupportingFiles/Preview Content\"";
				DEVELOPMENT_TEAM = 3WAQF3AS82;
				ENABLE_PREVIEWS = YES;
				INFOPLIST_FILE = GR10/SupportingFiles/Info.plist;
				LD_RUNPATH_SEARCH_PATHS = (
					"$(inherited)",
					"@executable_path/Frameworks",
				);
				PRODUCT_BUNDLE_IDENTIFIER = com.matvdg.GR10;
				PRODUCT_NAME = "$(TARGET_NAME)";
				SUPPORTS_MACCATALYST = YES;
				SWIFT_VERSION = 5.0;
				TARGETED_DEVICE_FAMILY = "1,2";
			};
			name = Release;
		};
/* End XCBuildConfiguration section */

/* Begin XCConfigurationList section */
		D063478A245D768B003BA9E7 /* Build configuration list for PBXProject "GR10" */ = {
			isa = XCConfigurationList;
			buildConfigurations = (
				D06347A1245D768C003BA9E7 /* Debug */,
				D06347A2245D768C003BA9E7 /* Release */,
			);
			defaultConfigurationIsVisible = 0;
			defaultConfigurationName = Release;
		};
		D06347A3245D768C003BA9E7 /* Build configuration list for PBXNativeTarget "GR10" */ = {
			isa = XCConfigurationList;
			buildConfigurations = (
				D06347A4245D768C003BA9E7 /* Debug */,
				D06347A5245D768C003BA9E7 /* Release */,
			);
			defaultConfigurationIsVisible = 0;
			defaultConfigurationName = Release;
		};
/* End XCConfigurationList section */
	};
	rootObject = D0634787245D768B003BA9E7 /* Project object */;
}
