// !$*UTF8*$!
{
	archiveVersion = 1;
	classes = {
	};
	objectVersion = 53;
	objects = {

/* Begin PBXBuildFile section */
		D007B88B246B60090040E1CF /* FileManager.swift in Sources */ = {isa = PBXBuildFile; fileRef = D007B88A246B60090040E1CF /* FileManager.swift */; };
		D039506524B6097800C31D34 /* SwiftUICharts in Frameworks */ = {isa = PBXBuildFile; productRef = D039506424B6097800C31D34 /* SwiftUICharts */; };
		D0531A6F2467FD8C0020FFE0 /* Localizable.strings in Resources */ = {isa = PBXBuildFile; fileRef = D0531A712467FD8C0020FFE0 /* Localizable.strings */; };
		D0531A742467FE4C0020FFE0 /* String.swift in Sources */ = {isa = PBXBuildFile; fileRef = D0531A732467FE4C0020FFE0 /* String.swift */; };
		D0531A76246820BA0020FFE0 /* MapControlView.swift in Sources */ = {isa = PBXBuildFile; fileRef = D0531A75246820BA0020FFE0 /* MapControlView.swift */; };
		D05B14FF2460041F00B24666 /* HomeView.swift in Sources */ = {isa = PBXBuildFile; fileRef = D05B14FE2460041F00B24666 /* HomeView.swift */; };
		D0630B6B245F571F006F6C44 /* LocationManager.swift in Sources */ = {isa = PBXBuildFile; fileRef = D0630B6A245F571F006F6C44 /* LocationManager.swift */; };
		D0634793245D768B003BA9E7 /* AppDelegate.swift in Sources */ = {isa = PBXBuildFile; fileRef = D0634792245D768B003BA9E7 /* AppDelegate.swift */; };
		D0634795245D768B003BA9E7 /* SceneDelegate.swift in Sources */ = {isa = PBXBuildFile; fileRef = D0634794245D768B003BA9E7 /* SceneDelegate.swift */; };
		D0634797245D768B003BA9E7 /* ContentView.swift in Sources */ = {isa = PBXBuildFile; fileRef = D0634796245D768B003BA9E7 /* ContentView.swift */; };
		D0634799245D768C003BA9E7 /* Assets.xcassets in Resources */ = {isa = PBXBuildFile; fileRef = D0634798245D768C003BA9E7 /* Assets.xcassets */; };
		D063479C245D768C003BA9E7 /* Preview Assets.xcassets in Resources */ = {isa = PBXBuildFile; fileRef = D063479B245D768C003BA9E7 /* Preview Assets.xcassets */; };
		D063479F245D768C003BA9E7 /* LaunchScreen.storyboard in Resources */ = {isa = PBXBuildFile; fileRef = D063479D245D768C003BA9E7 /* LaunchScreen.storyboard */; };
		D06347A7245DCD34003BA9E7 /* OldMapView.swift in Sources */ = {isa = PBXBuildFile; fileRef = D06347A6245DCD34003BA9E7 /* OldMapView.swift */; };
		D09FB0092465D2360007F55B /* MiniImage.swift in Sources */ = {isa = PBXBuildFile; fileRef = D09FB0082465D2360007F55B /* MiniImage.swift */; };
		D09FB00C2465E15C0007F55B /* View.swift in Sources */ = {isa = PBXBuildFile; fileRef = D09FB00B2465E15C0007F55B /* View.swift */; };
		D0B7CDB22468550D00464C79 /* Color.swift in Sources */ = {isa = PBXBuildFile; fileRef = D0B7CDB12468550D00464C79 /* Color.swift */; };
		D0B7CDB42468694200464C79 /* Etang de Rulhe.gpx in Resources */ = {isa = PBXBuildFile; fileRef = D0B7CDB32468691800464C79 /* Etang de Rulhe.gpx */; };
		D0B7CDB52468694600464C79 /* Etang d'Araing.gpx in Resources */ = {isa = PBXBuildFile; fileRef = D0630B6C245F5828006F6C44 /* Etang d'Araing.gpx */; };
		D0B7CDB82469184F00464C79 /* LayerView.swift in Sources */ = {isa = PBXBuildFile; fileRef = D0B7CDB72469184F00464C79 /* LayerView.swift */; };
		D0B7CE1E246A996E00464C79 /* InfoPoiView.swift in Sources */ = {isa = PBXBuildFile; fileRef = D0B7CE1D246A996E00464C79 /* InfoPoiView.swift */; };
		D0C40E04245F37F900EF4873 /* TileManager.swift in Sources */ = {isa = PBXBuildFile; fileRef = D0C40E03245F37F900EF4873 /* TileManager.swift */; };
		D0F93740246831D9005E8503 /* NotificationManager.swift in Sources */ = {isa = PBXBuildFile; fileRef = D0F9373F246831D9005E8503 /* NotificationManager.swift */; };
		D0FF45AE246BE3080087697B /* Feedback.swift in Sources */ = {isa = PBXBuildFile; fileRef = D0FF45AD246BE3080087697B /* Feedback.swift */; };
		D0FF45C8246C04AE0087697B /* CLLocationCoordinate2D.swift in Sources */ = {isa = PBXBuildFile; fileRef = D0FF45C7246C04AE0087697B /* CLLocationCoordinate2D.swift */; };
		D0FF45E2246C06910087697B /* CLLocationDistance.swift in Sources */ = {isa = PBXBuildFile; fileRef = D0FF45E1246C06910087697B /* CLLocationDistance.swift */; };
		F60D12B22A28321700437AA1 /* CoreGPX in Frameworks */ = {isa = PBXBuildFile; productRef = F60D12B12A28321700437AA1 /* CoreGPX */; };
		F60D12B42A28906200437AA1 /* WorkoutManager.swift in Sources */ = {isa = PBXBuildFile; fileRef = F60D12B32A28906100437AA1 /* WorkoutManager.swift */; };
		F60D12B62A28A12300437AA1 /* WorkoutView.swift in Sources */ = {isa = PBXBuildFile; fileRef = F60D12B52A28A12300437AA1 /* WorkoutView.swift */; };
		F60D12B82A28A7A700437AA1 /* WorkoutRow.swift in Sources */ = {isa = PBXBuildFile; fileRef = F60D12B72A28A7A700437AA1 /* WorkoutRow.swift */; };
		F60D12BA2A28AB8200437AA1 /* Date.swift in Sources */ = {isa = PBXBuildFile; fileRef = F60D12B92A28AB8200437AA1 /* Date.swift */; };
		F618724824E7F4DC00F98918 /* Device.swift in Sources */ = {isa = PBXBuildFile; fileRef = F618724724E7F4DC00F98918 /* Device.swift */; };
		F618724A24E7F6F500F98918 /* NetworkManager.swift in Sources */ = {isa = PBXBuildFile; fileRef = F618724924E7F6F500F98918 /* NetworkManager.swift */; };
		F61E421E29D4203A008D4275 /* MapView.swift in Sources */ = {isa = PBXBuildFile; fileRef = F61E421D29D4203A008D4275 /* MapView.swift */; };
		F62779BC2A218FBA00185386 /* FilterButton.swift in Sources */ = {isa = PBXBuildFile; fileRef = F62779BB2A218FBA00185386 /* FilterButton.swift */; };
		F629CBFC2A4B8EE7003BFDAD /* IconButtons.swift in Sources */ = {isa = PBXBuildFile; fileRef = F629CBFB2A4B8EE7003BFDAD /* IconButtons.swift */; };
		F639047B24DC8E58005B4FC1 /* GridStack.swift in Sources */ = {isa = PBXBuildFile; fileRef = F639047A24DC8E58005B4FC1 /* GridStack.swift */; };
		F6577E742A3C483F00162B81 /* EditTrailView.swift in Sources */ = {isa = PBXBuildFile; fileRef = F6577E732A3C483F00162B81 /* EditTrailView.swift */; };
		F658C2D62A1CFEF200979723 /* HidableTabView in Frameworks */ = {isa = PBXBuildFile; productRef = F658C2D52A1CFEF200979723 /* HidableTabView */; };
		F65DCC122A24D01100A24E10 /* Semaphore in Frameworks */ = {isa = PBXBuildFile; productRef = F65DCC112A24D01100A24E10 /* Semaphore */; };
		F65DCC142A24E1B400A24E10 /* UIApplication.swift in Sources */ = {isa = PBXBuildFile; fileRef = F65DCC132A24E1B400A24E10 /* UIApplication.swift */; };
		F66AFEBC2A3E8FFB0030086A /* LineChart.swift in Sources */ = {isa = PBXBuildFile; fileRef = F66AFEBB2A3E8FFB0030086A /* LineChart.swift */; };
		F67BAEBD24DD636200AC8A9F /* ObservableArray.swift in Sources */ = {isa = PBXBuildFile; fileRef = F67BAEBC24DD636200AC8A9F /* ObservableArray.swift */; };
		F67BAEC324E7469300AC8A9F /* DismissButton.swift in Sources */ = {isa = PBXBuildFile; fileRef = F67BAEC224E7469300AC8A9F /* DismissButton.swift */; };
		F68AF33E2A558FF300B3A629 /* TrailMapView.swift in Sources */ = {isa = PBXBuildFile; fileRef = F68AF33D2A558FF300B3A629 /* TrailMapView.swift */; };
		F6979BA124D4523D00228A0C /* CLGeocoder.swift in Sources */ = {isa = PBXBuildFile; fileRef = F6979BA024D4523D00228A0C /* CLGeocoder.swift */; };
		F6A3DEE12A37C23A00C69B55 /* PoiView.swift in Sources */ = {isa = PBXBuildFile; fileRef = F6A3DEC52A37C23A00C69B55 /* PoiView.swift */; };
		F6A3DEE22A37C23A00C69B55 /* PoiDetailView.swift in Sources */ = {isa = PBXBuildFile; fileRef = F6A3DEC62A37C23A00C69B55 /* PoiDetailView.swift */; };
		F6A3DEE32A37C23A00C69B55 /* PoiRow.swift in Sources */ = {isa = PBXBuildFile; fileRef = F6A3DEC72A37C23A00C69B55 /* PoiRow.swift */; };
		F6A3DEE42A37C23A00C69B55 /* PoiManager.swift in Sources */ = {isa = PBXBuildFile; fileRef = F6A3DEC82A37C23A00C69B55 /* PoiManager.swift */; };
		F6A3DEE52A37C23A00C69B55 /* Poi.swift in Sources */ = {isa = PBXBuildFile; fileRef = F6A3DEC92A37C23A00C69B55 /* Poi.swift */; };
		F6A3DEE62A37C23A00C69B55 /* pois.json in Resources */ = {isa = PBXBuildFile; fileRef = F6A3DECA2A37C23A00C69B55 /* pois.json */; };
		F6A3DEE72A37C23A00C69B55 /* TrailsView.swift in Sources */ = {isa = PBXBuildFile; fileRef = F6A3DECD2A37C23A00C69B55 /* TrailsView.swift */; };
		F6A3DEE82A37C23A00C69B55 /* FilterView.swift in Sources */ = {isa = PBXBuildFile; fileRef = F6A3DECE2A37C23A00C69B55 /* FilterView.swift */; };
		F6A3DEE92A37C23A00C69B55 /* ImportGpxTileView.swift in Sources */ = {isa = PBXBuildFile; fileRef = F6A3DECF2A37C23A00C69B55 /* ImportGpxTileView.swift */; };
		F6A3DEEB2A37C23A00C69B55 /* TourRow.swift in Sources */ = {isa = PBXBuildFile; fileRef = F6A3DED22A37C23A00C69B55 /* TourRow.swift */; };
		F6A3DEEC2A37C23A00C69B55 /* ItineraryRow.swift in Sources */ = {isa = PBXBuildFile; fileRef = F6A3DED32A37C23A00C69B55 /* ItineraryRow.swift */; };
		F6A3DEED2A37C23A00C69B55 /* TilesRow.swift in Sources */ = {isa = PBXBuildFile; fileRef = F6A3DED42A37C23A00C69B55 /* TilesRow.swift */; };
		F6A3DEEE2A37C23A00C69B55 /* MapSettingsRow.swift in Sources */ = {isa = PBXBuildFile; fileRef = F6A3DED52A37C23A00C69B55 /* MapSettingsRow.swift */; };
		F6A3DEF02A37C23A00C69B55 /* TrailRow.swift in Sources */ = {isa = PBXBuildFile; fileRef = F6A3DED72A37C23A00C69B55 /* TrailRow.swift */; };
		F6A3DEF12A37C23A00C69B55 /* DeleteRow.swift in Sources */ = {isa = PBXBuildFile; fileRef = F6A3DED82A37C23A00C69B55 /* DeleteRow.swift */; };
		F6A3DEF32A37C23A00C69B55 /* DocumentView.swift in Sources */ = {isa = PBXBuildFile; fileRef = F6A3DEDA2A37C23A00C69B55 /* DocumentView.swift */; };
		F6A3DEF42A37C23A00C69B55 /* EnabledFiltersView.swift in Sources */ = {isa = PBXBuildFile; fileRef = F6A3DEDB2A37C23A00C69B55 /* EnabledFiltersView.swift */; };
		F6A3DEF62A37C23A00C69B55 /* ImportView.swift in Sources */ = {isa = PBXBuildFile; fileRef = F6A3DEDD2A37C23A00C69B55 /* ImportView.swift */; };
		F6A3DEF72A37C23A00C69B55 /* TourView.swift in Sources */ = {isa = PBXBuildFile; fileRef = F6A3DEDE2A37C23A00C69B55 /* TourView.swift */; };
		F6A3DEF82A37C23A00C69B55 /* Trail.swift in Sources */ = {isa = PBXBuildFile; fileRef = F6A3DEDF2A37C23A00C69B55 /* Trail.swift */; };
		F6A3DEF92A37C23A00C69B55 /* TrailManager.swift in Sources */ = {isa = PBXBuildFile; fileRef = F6A3DEE02A37C23A00C69B55 /* TrailManager.swift */; };
		F6A3DEFB2A37DE7900C69B55 /* SettingsView.swift in Sources */ = {isa = PBXBuildFile; fileRef = F6A3DEFA2A37DE7900C69B55 /* SettingsView.swift */; };
		F6A3DF032A37E58900C69B55 /* AppIcon.swift in Sources */ = {isa = PBXBuildFile; fileRef = F6A3DF022A37E58900C69B55 /* AppIcon.swift */; };
		F6A3DF052A37EABD00C69B55 /* WebView.swift in Sources */ = {isa = PBXBuildFile; fileRef = F6A3DF042A37EABD00C69B55 /* WebView.swift */; };
		F6A5816F24D46B7A0030F457 /* Array.swift in Sources */ = {isa = PBXBuildFile; fileRef = F6A5816E24D46B7A0030F457 /* Array.swift */; };
		F6AEA1F924DAE8E1007509C1 /* TrailPreview.swift in Sources */ = {isa = PBXBuildFile; fileRef = F6AEA1F824DAE8E1007509C1 /* TrailPreview.swift */; };
		F6B6C4A42A2371EA00B360E1 /* RemoveLayerView.swift in Sources */ = {isa = PBXBuildFile; fileRef = F6B6C4A32A2371EA00B360E1 /* RemoveLayerView.swift */; };
		F6BA8BDC2A202EFB00F81120 /* 3A3D319A-661F-4CAD-B926-A628C2DC45C4.json in Resources */ = {isa = PBXBuildFile; fileRef = F6BA8BCF2A202EFB00F81120 /* 3A3D319A-661F-4CAD-B926-A628C2DC45C4.json */; };
		F6BA8BDD2A202EFB00F81120 /* 93C5647B-D07A-4907-A588-1D8561079B79.json in Resources */ = {isa = PBXBuildFile; fileRef = F6BA8BD02A202EFB00F81120 /* 93C5647B-D07A-4907-A588-1D8561079B79.json */; };
		F6BA8BDE2A202EFB00F81120 /* DE343206-FB9F-4DDD-9379-E69E14DC4A93.json in Resources */ = {isa = PBXBuildFile; fileRef = F6BA8BD12A202EFB00F81120 /* DE343206-FB9F-4DDD-9379-E69E14DC4A93.json */; };
		F6BA8BDF2A202EFB00F81120 /* 81F88398-D066-4F6B-83D2-6B51C1649031.json in Resources */ = {isa = PBXBuildFile; fileRef = F6BA8BD22A202EFB00F81120 /* 81F88398-D066-4F6B-83D2-6B51C1649031.json */; };
		F6BA8BE02A202EFB00F81120 /* 1F2EFFAF-C5C7-420E-B7C4-269E84A01053.json in Resources */ = {isa = PBXBuildFile; fileRef = F6BA8BD32A202EFB00F81120 /* 1F2EFFAF-C5C7-420E-B7C4-269E84A01053.json */; };
		F6BA8BE12A202EFB00F81120 /* 2FD21731-5092-4270-B542-D2726FC74181.json in Resources */ = {isa = PBXBuildFile; fileRef = F6BA8BD42A202EFB00F81120 /* 2FD21731-5092-4270-B542-D2726FC74181.json */; };
		F6BA8BE22A202EFB00F81120 /* E7BB994D-CB88-434E-9B46-1ECF5D62B71D.json in Resources */ = {isa = PBXBuildFile; fileRef = F6BA8BD52A202EFB00F81120 /* E7BB994D-CB88-434E-9B46-1ECF5D62B71D.json */; };
		F6BA8BE42A202EFB00F81120 /* 602A32BA-DDFC-40C4-A133-D6F450C1AB6A.json in Resources */ = {isa = PBXBuildFile; fileRef = F6BA8BD72A202EFB00F81120 /* 602A32BA-DDFC-40C4-A133-D6F450C1AB6A.json */; };
		F6BA8BE52A202EFB00F81120 /* 14BAC0BC-FF48-43BC-9E54-F382C5857758.json in Resources */ = {isa = PBXBuildFile; fileRef = F6BA8BD82A202EFB00F81120 /* 14BAC0BC-FF48-43BC-9E54-F382C5857758.json */; };
		F6BA8BE62A202EFB00F81120 /* 97B49B60-33E8-431B-8BE3-BCFC9B932AA3.json in Resources */ = {isa = PBXBuildFile; fileRef = F6BA8BD92A202EFB00F81120 /* 97B49B60-33E8-431B-8BE3-BCFC9B932AA3.json */; };
		F6BA8BE72A202EFB00F81120 /* 86B666DB-910E-49F2-A13E-6809148DC2FB.json in Resources */ = {isa = PBXBuildFile; fileRef = F6BA8BDA2A202EFB00F81120 /* 86B666DB-910E-49F2-A13E-6809148DC2FB.json */; };
		F6BA8BE82A202EFB00F81120 /* 966EDBBC-D452-4993-BC2D-E660F528B385.json in Resources */ = {isa = PBXBuildFile; fileRef = F6BA8BDB2A202EFB00F81120 /* 966EDBBC-D452-4993-BC2D-E660F528B385.json */; };
		F6CAAF3B24BC91DB006F991A /* UserDefaults.swift in Sources */ = {isa = PBXBuildFile; fileRef = F6CAAF3A24BC91DB006F991A /* UserDefaults.swift */; };
		F6CFD09C24BDF08E00DA224C /* 613AD245-A082-4FDF-8103-199F3CA71C80.json in Resources */ = {isa = PBXBuildFile; fileRef = F6CFD09224BDF08E00DA224C /* 613AD245-A082-4FDF-8103-199F3CA71C80.json */; };
		F6CFD09D24BDF08E00DA224C /* AC87370D-6A8F-43D5-A980-95356F6ACDA9.json in Resources */ = {isa = PBXBuildFile; fileRef = F6CFD09324BDF08E00DA224C /* AC87370D-6A8F-43D5-A980-95356F6ACDA9.json */; };
		F6CFD09E24BDF08E00DA224C /* 6012EAA9-1C93-4FC9-BCA7-765EB62A3D87.json in Resources */ = {isa = PBXBuildFile; fileRef = F6CFD09424BDF08E00DA224C /* 6012EAA9-1C93-4FC9-BCA7-765EB62A3D87.json */; };
		F6CFD0A024BDF08E00DA224C /* 82197AB4-C068-4C69-82E2-9D078DDCBD11.json in Resources */ = {isa = PBXBuildFile; fileRef = F6CFD09624BDF08E00DA224C /* 82197AB4-C068-4C69-82E2-9D078DDCBD11.json */; };
		F6CFD0A124BDF08E00DA224C /* C57678B0-ADD8-49CA-85EE-7C3EB5060783.json in Resources */ = {isa = PBXBuildFile; fileRef = F6CFD09724BDF08E00DA224C /* C57678B0-ADD8-49CA-85EE-7C3EB5060783.json */; };
		F6CFD0A224BDF08E00DA224C /* C7CB0ED5-743B-40DC-88C1-F8ABF8172B11.json in Resources */ = {isa = PBXBuildFile; fileRef = F6CFD09824BDF08E00DA224C /* C7CB0ED5-743B-40DC-88C1-F8ABF8172B11.json */; };
		F6CFD0A324BDF08E00DA224C /* 0F68603E-267D-41F9-AF21-A1A3235722DA.json in Resources */ = {isa = PBXBuildFile; fileRef = F6CFD09924BDF08E00DA224C /* 0F68603E-267D-41F9-AF21-A1A3235722DA.json */; };
		F6CFD0A424BDF08E00DA224C /* 6753F1F8-B34A-49EE-BCD9-8F22FAE0016F.json in Resources */ = {isa = PBXBuildFile; fileRef = F6CFD09A24BDF08E00DA224C /* 6753F1F8-B34A-49EE-BCD9-8F22FAE0016F.json */; };
		F6CFD0A524BDF08E00DA224C /* 3DC59D8C-AE95-4AE5-93E6-DAB661B0FB78.json in Resources */ = {isa = PBXBuildFile; fileRef = F6CFD09B24BDF08E00DA224C /* 3DC59D8C-AE95-4AE5-93E6-DAB661B0FB78.json */; };
		F6CFD0A924BEAC9C00DA224C /* Double.swift in Sources */ = {isa = PBXBuildFile; fileRef = F6CFD0A824BEAC9C00DA224C /* Double.swift */; };
		F6CFD0AD24BF179D00DA224C /* 4C8D2931-F8CB-4D6E-AF6E-8508BE0C407E.json in Resources */ = {isa = PBXBuildFile; fileRef = F6CFD0AC24BF179D00DA224C /* 4C8D2931-F8CB-4D6E-AF6E-8508BE0C407E.json */; };
		F6CFD0B624BF90CA00DA224C /* CircleImage.swift in Sources */ = {isa = PBXBuildFile; fileRef = F6CFD0B524BF90CA00DA224C /* CircleImage.swift */; };
		F6D80BDA2A1FAE5C00DED446 /* InfoPlist.strings in Resources */ = {isa = PBXBuildFile; fileRef = F6D80BDC2A1FAE5C00DED446 /* InfoPlist.strings */; };
		F6E2C0D42A3A5F64001FD8F1 /* TrailView.swift in Sources */ = {isa = PBXBuildFile; fileRef = F6E2C0D32A3A5F64001FD8F1 /* TrailView.swift */; };
		F6E2C0D62A3A725A001FD8F1 /* DifficultyView.swift in Sources */ = {isa = PBXBuildFile; fileRef = F6E2C0D52A3A725A001FD8F1 /* DifficultyView.swift */; };
		F6E7FCB82A3DE5D900097C93 /* MailView.swift in Sources */ = {isa = PBXBuildFile; fileRef = F6E7FCB72A3DE5D900097C93 /* MailView.swift */; };
/* End PBXBuildFile section */

/* Begin PBXFileReference section */
		D007B88A246B60090040E1CF /* FileManager.swift */ = {isa = PBXFileReference; lastKnownFileType = sourcecode.swift; path = FileManager.swift; sourceTree = "<group>"; };
		D0531A6C2467FD3A0020FFE0 /* fr */ = {isa = PBXFileReference; lastKnownFileType = text.plist.strings; name = fr; path = fr.lproj/LaunchScreen.strings; sourceTree = "<group>"; };
		D0531A702467FD8C0020FFE0 /* fr */ = {isa = PBXFileReference; lastKnownFileType = text.plist.strings; name = fr; path = fr.lproj/Localizable.strings; sourceTree = "<group>"; };
		D0531A722467FD940020FFE0 /* en */ = {isa = PBXFileReference; lastKnownFileType = text.plist.strings; name = en; path = en.lproj/Localizable.strings; sourceTree = "<group>"; };
		D0531A732467FE4C0020FFE0 /* String.swift */ = {isa = PBXFileReference; lastKnownFileType = sourcecode.swift; path = String.swift; sourceTree = "<group>"; };
		D0531A75246820BA0020FFE0 /* MapControlView.swift */ = {isa = PBXFileReference; lastKnownFileType = sourcecode.swift; path = MapControlView.swift; sourceTree = "<group>"; };
		D05B14FE2460041F00B24666 /* HomeView.swift */ = {isa = PBXFileReference; lastKnownFileType = sourcecode.swift; path = HomeView.swift; sourceTree = "<group>"; };
		D0630B6A245F571F006F6C44 /* LocationManager.swift */ = {isa = PBXFileReference; lastKnownFileType = sourcecode.swift; path = LocationManager.swift; sourceTree = "<group>"; };
		D0630B6C245F5828006F6C44 /* Etang d'Araing.gpx */ = {isa = PBXFileReference; lastKnownFileType = text.xml; path = "Etang d'Araing.gpx"; sourceTree = "<group>"; };
		D063478F245D768B003BA9E7 /* Rando.app */ = {isa = PBXFileReference; explicitFileType = wrapper.application; includeInIndex = 0; path = Rando.app; sourceTree = BUILT_PRODUCTS_DIR; };
		D0634792245D768B003BA9E7 /* AppDelegate.swift */ = {isa = PBXFileReference; lastKnownFileType = sourcecode.swift; path = AppDelegate.swift; sourceTree = "<group>"; };
		D0634794245D768B003BA9E7 /* SceneDelegate.swift */ = {isa = PBXFileReference; lastKnownFileType = sourcecode.swift; path = SceneDelegate.swift; sourceTree = "<group>"; };
		D0634796245D768B003BA9E7 /* ContentView.swift */ = {isa = PBXFileReference; lastKnownFileType = sourcecode.swift; path = ContentView.swift; sourceTree = "<group>"; };
		D0634798245D768C003BA9E7 /* Assets.xcassets */ = {isa = PBXFileReference; lastKnownFileType = folder.assetcatalog; path = Assets.xcassets; sourceTree = "<group>"; };
		D063479B245D768C003BA9E7 /* Preview Assets.xcassets */ = {isa = PBXFileReference; lastKnownFileType = folder.assetcatalog; path = "Preview Assets.xcassets"; sourceTree = "<group>"; };
		D063479E245D768C003BA9E7 /* Base */ = {isa = PBXFileReference; lastKnownFileType = file.storyboard; name = Base; path = Base.lproj/LaunchScreen.storyboard; sourceTree = "<group>"; };
		D06347A0245D768C003BA9E7 /* Info.plist */ = {isa = PBXFileReference; lastKnownFileType = text.plist.xml; path = Info.plist; sourceTree = "<group>"; };
		D06347A6245DCD34003BA9E7 /* OldMapView.swift */ = {isa = PBXFileReference; lastKnownFileType = sourcecode.swift; path = OldMapView.swift; sourceTree = "<group>"; };
		D09FB0082465D2360007F55B /* MiniImage.swift */ = {isa = PBXFileReference; lastKnownFileType = sourcecode.swift; path = MiniImage.swift; sourceTree = "<group>"; };
		D09FB00B2465E15C0007F55B /* View.swift */ = {isa = PBXFileReference; lastKnownFileType = sourcecode.swift; path = View.swift; sourceTree = "<group>"; };
		D0B01A8C2460420A00EE62AD /* Rando.entitlements */ = {isa = PBXFileReference; lastKnownFileType = text.plist.entitlements; path = Rando.entitlements; sourceTree = "<group>"; };
		D0B7CDB12468550D00464C79 /* Color.swift */ = {isa = PBXFileReference; lastKnownFileType = sourcecode.swift; path = Color.swift; sourceTree = "<group>"; };
		D0B7CDB32468691800464C79 /* Etang de Rulhe.gpx */ = {isa = PBXFileReference; lastKnownFileType = text.xml; path = "Etang de Rulhe.gpx"; sourceTree = "<group>"; };
		D0B7CDB72469184F00464C79 /* LayerView.swift */ = {isa = PBXFileReference; lastKnownFileType = sourcecode.swift; path = LayerView.swift; sourceTree = "<group>"; };
		D0B7CE1D246A996E00464C79 /* InfoPoiView.swift */ = {isa = PBXFileReference; lastKnownFileType = sourcecode.swift; path = InfoPoiView.swift; sourceTree = "<group>"; };
		D0C40E03245F37F900EF4873 /* TileManager.swift */ = {isa = PBXFileReference; lastKnownFileType = sourcecode.swift; path = TileManager.swift; sourceTree = "<group>"; };
		D0F9373F246831D9005E8503 /* NotificationManager.swift */ = {isa = PBXFileReference; lastKnownFileType = sourcecode.swift; path = NotificationManager.swift; sourceTree = "<group>"; };
		D0FF45AD246BE3080087697B /* Feedback.swift */ = {isa = PBXFileReference; lastKnownFileType = sourcecode.swift; path = Feedback.swift; sourceTree = "<group>"; };
		D0FF45C7246C04AE0087697B /* CLLocationCoordinate2D.swift */ = {isa = PBXFileReference; lastKnownFileType = sourcecode.swift; path = CLLocationCoordinate2D.swift; sourceTree = "<group>"; };
		D0FF45E1246C06910087697B /* CLLocationDistance.swift */ = {isa = PBXFileReference; lastKnownFileType = sourcecode.swift; path = CLLocationDistance.swift; sourceTree = "<group>"; };
		F60D12B32A28906100437AA1 /* WorkoutManager.swift */ = {isa = PBXFileReference; lastKnownFileType = sourcecode.swift; path = WorkoutManager.swift; sourceTree = "<group>"; };
		F60D12B52A28A12300437AA1 /* WorkoutView.swift */ = {isa = PBXFileReference; lastKnownFileType = sourcecode.swift; path = WorkoutView.swift; sourceTree = "<group>"; };
		F60D12B72A28A7A700437AA1 /* WorkoutRow.swift */ = {isa = PBXFileReference; lastKnownFileType = sourcecode.swift; path = WorkoutRow.swift; sourceTree = "<group>"; };
		F60D12B92A28AB8200437AA1 /* Date.swift */ = {isa = PBXFileReference; lastKnownFileType = sourcecode.swift; path = Date.swift; sourceTree = "<group>"; };
		F618724724E7F4DC00F98918 /* Device.swift */ = {isa = PBXFileReference; lastKnownFileType = sourcecode.swift; path = Device.swift; sourceTree = "<group>"; };
		F618724924E7F6F500F98918 /* NetworkManager.swift */ = {isa = PBXFileReference; lastKnownFileType = sourcecode.swift; path = NetworkManager.swift; sourceTree = "<group>"; };
		F618724C24E7FB1900F98918 /* RandoRelease.entitlements */ = {isa = PBXFileReference; lastKnownFileType = text.plist.entitlements; path = RandoRelease.entitlements; sourceTree = "<group>"; };
		F61E421D29D4203A008D4275 /* MapView.swift */ = {isa = PBXFileReference; lastKnownFileType = sourcecode.swift; path = MapView.swift; sourceTree = "<group>"; };
		F62779BB2A218FBA00185386 /* FilterButton.swift */ = {isa = PBXFileReference; lastKnownFileType = sourcecode.swift; path = FilterButton.swift; sourceTree = "<group>"; };
		F629CBFB2A4B8EE7003BFDAD /* IconButtons.swift */ = {isa = PBXFileReference; lastKnownFileType = sourcecode.swift; path = IconButtons.swift; sourceTree = "<group>"; };
		F639047A24DC8E58005B4FC1 /* GridStack.swift */ = {isa = PBXFileReference; lastKnownFileType = sourcecode.swift; path = GridStack.swift; sourceTree = "<group>"; };
		F6577E732A3C483F00162B81 /* EditTrailView.swift */ = {isa = PBXFileReference; lastKnownFileType = sourcecode.swift; path = EditTrailView.swift; sourceTree = "<group>"; };
		F65DCC132A24E1B400A24E10 /* UIApplication.swift */ = {isa = PBXFileReference; lastKnownFileType = sourcecode.swift; path = UIApplication.swift; sourceTree = "<group>"; };
		F66AFEBB2A3E8FFB0030086A /* LineChart.swift */ = {isa = PBXFileReference; lastKnownFileType = sourcecode.swift; path = LineChart.swift; sourceTree = "<group>"; };
		F67BAEBC24DD636200AC8A9F /* ObservableArray.swift */ = {isa = PBXFileReference; lastKnownFileType = sourcecode.swift; path = ObservableArray.swift; sourceTree = "<group>"; };
		F67BAEC224E7469300AC8A9F /* DismissButton.swift */ = {isa = PBXFileReference; lastKnownFileType = sourcecode.swift; path = DismissButton.swift; sourceTree = "<group>"; };
		F68AF33D2A558FF300B3A629 /* TrailMapView.swift */ = {isa = PBXFileReference; lastKnownFileType = sourcecode.swift; path = TrailMapView.swift; sourceTree = "<group>"; };
		F6979BA024D4523D00228A0C /* CLGeocoder.swift */ = {isa = PBXFileReference; lastKnownFileType = sourcecode.swift; path = CLGeocoder.swift; sourceTree = "<group>"; };
		F6A3DEC52A37C23A00C69B55 /* PoiView.swift */ = {isa = PBXFileReference; fileEncoding = 4; lastKnownFileType = sourcecode.swift; path = PoiView.swift; sourceTree = "<group>"; };
		F6A3DEC62A37C23A00C69B55 /* PoiDetailView.swift */ = {isa = PBXFileReference; fileEncoding = 4; lastKnownFileType = sourcecode.swift; path = PoiDetailView.swift; sourceTree = "<group>"; };
		F6A3DEC72A37C23A00C69B55 /* PoiRow.swift */ = {isa = PBXFileReference; fileEncoding = 4; lastKnownFileType = sourcecode.swift; path = PoiRow.swift; sourceTree = "<group>"; };
		F6A3DEC82A37C23A00C69B55 /* PoiManager.swift */ = {isa = PBXFileReference; fileEncoding = 4; lastKnownFileType = sourcecode.swift; path = PoiManager.swift; sourceTree = "<group>"; };
		F6A3DEC92A37C23A00C69B55 /* Poi.swift */ = {isa = PBXFileReference; fileEncoding = 4; lastKnownFileType = sourcecode.swift; path = Poi.swift; sourceTree = "<group>"; };
		F6A3DECA2A37C23A00C69B55 /* pois.json */ = {isa = PBXFileReference; fileEncoding = 4; lastKnownFileType = text.json; path = pois.json; sourceTree = "<group>"; };
		F6A3DECD2A37C23A00C69B55 /* TrailsView.swift */ = {isa = PBXFileReference; fileEncoding = 4; lastKnownFileType = sourcecode.swift; path = TrailsView.swift; sourceTree = "<group>"; };
		F6A3DECE2A37C23A00C69B55 /* FilterView.swift */ = {isa = PBXFileReference; fileEncoding = 4; lastKnownFileType = sourcecode.swift; path = FilterView.swift; sourceTree = "<group>"; };
		F6A3DECF2A37C23A00C69B55 /* ImportGpxTileView.swift */ = {isa = PBXFileReference; fileEncoding = 4; lastKnownFileType = sourcecode.swift; path = ImportGpxTileView.swift; sourceTree = "<group>"; };
		F6A3DED22A37C23A00C69B55 /* TourRow.swift */ = {isa = PBXFileReference; fileEncoding = 4; lastKnownFileType = sourcecode.swift; path = TourRow.swift; sourceTree = "<group>"; };
		F6A3DED32A37C23A00C69B55 /* ItineraryRow.swift */ = {isa = PBXFileReference; fileEncoding = 4; lastKnownFileType = sourcecode.swift; path = ItineraryRow.swift; sourceTree = "<group>"; };
		F6A3DED42A37C23A00C69B55 /* TilesRow.swift */ = {isa = PBXFileReference; fileEncoding = 4; lastKnownFileType = sourcecode.swift; path = TilesRow.swift; sourceTree = "<group>"; };
		F6A3DED52A37C23A00C69B55 /* MapSettingsRow.swift */ = {isa = PBXFileReference; fileEncoding = 4; lastKnownFileType = sourcecode.swift; path = MapSettingsRow.swift; sourceTree = "<group>"; };
		F6A3DED72A37C23A00C69B55 /* TrailRow.swift */ = {isa = PBXFileReference; fileEncoding = 4; lastKnownFileType = sourcecode.swift; path = TrailRow.swift; sourceTree = "<group>"; };
		F6A3DED82A37C23A00C69B55 /* DeleteRow.swift */ = {isa = PBXFileReference; fileEncoding = 4; lastKnownFileType = sourcecode.swift; path = DeleteRow.swift; sourceTree = "<group>"; };
		F6A3DEDA2A37C23A00C69B55 /* DocumentView.swift */ = {isa = PBXFileReference; fileEncoding = 4; lastKnownFileType = sourcecode.swift; path = DocumentView.swift; sourceTree = "<group>"; };
		F6A3DEDB2A37C23A00C69B55 /* EnabledFiltersView.swift */ = {isa = PBXFileReference; fileEncoding = 4; lastKnownFileType = sourcecode.swift; path = EnabledFiltersView.swift; sourceTree = "<group>"; };
		F6A3DEDD2A37C23A00C69B55 /* ImportView.swift */ = {isa = PBXFileReference; fileEncoding = 4; lastKnownFileType = sourcecode.swift; path = ImportView.swift; sourceTree = "<group>"; };
		F6A3DEDE2A37C23A00C69B55 /* TourView.swift */ = {isa = PBXFileReference; fileEncoding = 4; lastKnownFileType = sourcecode.swift; path = TourView.swift; sourceTree = "<group>"; };
		F6A3DEDF2A37C23A00C69B55 /* Trail.swift */ = {isa = PBXFileReference; fileEncoding = 4; lastKnownFileType = sourcecode.swift; path = Trail.swift; sourceTree = "<group>"; };
		F6A3DEE02A37C23A00C69B55 /* TrailManager.swift */ = {isa = PBXFileReference; fileEncoding = 4; lastKnownFileType = sourcecode.swift; path = TrailManager.swift; sourceTree = "<group>"; };
		F6A3DEFA2A37DE7900C69B55 /* SettingsView.swift */ = {isa = PBXFileReference; lastKnownFileType = sourcecode.swift; path = SettingsView.swift; sourceTree = "<group>"; };
		F6A3DF022A37E58900C69B55 /* AppIcon.swift */ = {isa = PBXFileReference; lastKnownFileType = sourcecode.swift; path = AppIcon.swift; sourceTree = "<group>"; };
		F6A3DF042A37EABD00C69B55 /* WebView.swift */ = {isa = PBXFileReference; lastKnownFileType = sourcecode.swift; path = WebView.swift; sourceTree = "<group>"; };
		F6A5816E24D46B7A0030F457 /* Array.swift */ = {isa = PBXFileReference; lastKnownFileType = sourcecode.swift; path = Array.swift; sourceTree = "<group>"; };
		F6AEA1F824DAE8E1007509C1 /* TrailPreview.swift */ = {isa = PBXFileReference; lastKnownFileType = sourcecode.swift; path = TrailPreview.swift; sourceTree = "<group>"; };
		F6B6C4A32A2371EA00B360E1 /* RemoveLayerView.swift */ = {isa = PBXFileReference; lastKnownFileType = sourcecode.swift; path = RemoveLayerView.swift; sourceTree = "<group>"; };
		F6BA8BCF2A202EFB00F81120 /* 3A3D319A-661F-4CAD-B926-A628C2DC45C4.json */ = {isa = PBXFileReference; fileEncoding = 4; lastKnownFileType = text.json; path = "3A3D319A-661F-4CAD-B926-A628C2DC45C4.json"; sourceTree = "<group>"; };
		F6BA8BD02A202EFB00F81120 /* 93C5647B-D07A-4907-A588-1D8561079B79.json */ = {isa = PBXFileReference; fileEncoding = 4; lastKnownFileType = text.json; path = "93C5647B-D07A-4907-A588-1D8561079B79.json"; sourceTree = "<group>"; };
		F6BA8BD12A202EFB00F81120 /* DE343206-FB9F-4DDD-9379-E69E14DC4A93.json */ = {isa = PBXFileReference; fileEncoding = 4; lastKnownFileType = text.json; path = "DE343206-FB9F-4DDD-9379-E69E14DC4A93.json"; sourceTree = "<group>"; };
		F6BA8BD22A202EFB00F81120 /* 81F88398-D066-4F6B-83D2-6B51C1649031.json */ = {isa = PBXFileReference; fileEncoding = 4; lastKnownFileType = text.json; path = "81F88398-D066-4F6B-83D2-6B51C1649031.json"; sourceTree = "<group>"; };
		F6BA8BD32A202EFB00F81120 /* 1F2EFFAF-C5C7-420E-B7C4-269E84A01053.json */ = {isa = PBXFileReference; fileEncoding = 4; lastKnownFileType = text.json; path = "1F2EFFAF-C5C7-420E-B7C4-269E84A01053.json"; sourceTree = "<group>"; };
		F6BA8BD42A202EFB00F81120 /* 2FD21731-5092-4270-B542-D2726FC74181.json */ = {isa = PBXFileReference; fileEncoding = 4; lastKnownFileType = text.json; path = "2FD21731-5092-4270-B542-D2726FC74181.json"; sourceTree = "<group>"; };
		F6BA8BD52A202EFB00F81120 /* E7BB994D-CB88-434E-9B46-1ECF5D62B71D.json */ = {isa = PBXFileReference; fileEncoding = 4; lastKnownFileType = text.json; path = "E7BB994D-CB88-434E-9B46-1ECF5D62B71D.json"; sourceTree = "<group>"; };
		F6BA8BD72A202EFB00F81120 /* 602A32BA-DDFC-40C4-A133-D6F450C1AB6A.json */ = {isa = PBXFileReference; fileEncoding = 4; lastKnownFileType = text.json; path = "602A32BA-DDFC-40C4-A133-D6F450C1AB6A.json"; sourceTree = "<group>"; };
		F6BA8BD82A202EFB00F81120 /* 14BAC0BC-FF48-43BC-9E54-F382C5857758.json */ = {isa = PBXFileReference; fileEncoding = 4; lastKnownFileType = text.json; path = "14BAC0BC-FF48-43BC-9E54-F382C5857758.json"; sourceTree = "<group>"; };
		F6BA8BD92A202EFB00F81120 /* 97B49B60-33E8-431B-8BE3-BCFC9B932AA3.json */ = {isa = PBXFileReference; fileEncoding = 4; lastKnownFileType = text.json; path = "97B49B60-33E8-431B-8BE3-BCFC9B932AA3.json"; sourceTree = "<group>"; };
		F6BA8BDA2A202EFB00F81120 /* 86B666DB-910E-49F2-A13E-6809148DC2FB.json */ = {isa = PBXFileReference; fileEncoding = 4; lastKnownFileType = text.json; path = "86B666DB-910E-49F2-A13E-6809148DC2FB.json"; sourceTree = "<group>"; };
		F6BA8BDB2A202EFB00F81120 /* 966EDBBC-D452-4993-BC2D-E660F528B385.json */ = {isa = PBXFileReference; fileEncoding = 4; lastKnownFileType = text.json; path = "966EDBBC-D452-4993-BC2D-E660F528B385.json"; sourceTree = "<group>"; };
		F6BA8BE92A20AE4B00F81120 /* MobileCoreServices.framework */ = {isa = PBXFileReference; lastKnownFileType = wrapper.framework; name = MobileCoreServices.framework; path = Platforms/MacOSX.platform/Developer/SDKs/MacOSX13.3.sdk/System/iOSSupport/System/Library/Frameworks/MobileCoreServices.framework; sourceTree = DEVELOPER_DIR; };
		F6CAAF3A24BC91DB006F991A /* UserDefaults.swift */ = {isa = PBXFileReference; lastKnownFileType = sourcecode.swift; path = UserDefaults.swift; sourceTree = "<group>"; };
		F6CFD09224BDF08E00DA224C /* 613AD245-A082-4FDF-8103-199F3CA71C80.json */ = {isa = PBXFileReference; fileEncoding = 4; lastKnownFileType = text.json; path = "613AD245-A082-4FDF-8103-199F3CA71C80.json"; sourceTree = "<group>"; };
		F6CFD09324BDF08E00DA224C /* AC87370D-6A8F-43D5-A980-95356F6ACDA9.json */ = {isa = PBXFileReference; fileEncoding = 4; lastKnownFileType = text.json; path = "AC87370D-6A8F-43D5-A980-95356F6ACDA9.json"; sourceTree = "<group>"; };
		F6CFD09424BDF08E00DA224C /* 6012EAA9-1C93-4FC9-BCA7-765EB62A3D87.json */ = {isa = PBXFileReference; fileEncoding = 4; lastKnownFileType = text.json; path = "6012EAA9-1C93-4FC9-BCA7-765EB62A3D87.json"; sourceTree = "<group>"; };
		F6CFD09624BDF08E00DA224C /* 82197AB4-C068-4C69-82E2-9D078DDCBD11.json */ = {isa = PBXFileReference; fileEncoding = 4; lastKnownFileType = text.json; path = "82197AB4-C068-4C69-82E2-9D078DDCBD11.json"; sourceTree = "<group>"; };
		F6CFD09724BDF08E00DA224C /* C57678B0-ADD8-49CA-85EE-7C3EB5060783.json */ = {isa = PBXFileReference; fileEncoding = 4; lastKnownFileType = text.json; path = "C57678B0-ADD8-49CA-85EE-7C3EB5060783.json"; sourceTree = "<group>"; };
		F6CFD09824BDF08E00DA224C /* C7CB0ED5-743B-40DC-88C1-F8ABF8172B11.json */ = {isa = PBXFileReference; fileEncoding = 4; lastKnownFileType = text.json; path = "C7CB0ED5-743B-40DC-88C1-F8ABF8172B11.json"; sourceTree = "<group>"; };
		F6CFD09924BDF08E00DA224C /* 0F68603E-267D-41F9-AF21-A1A3235722DA.json */ = {isa = PBXFileReference; fileEncoding = 4; lastKnownFileType = text.json; path = "0F68603E-267D-41F9-AF21-A1A3235722DA.json"; sourceTree = "<group>"; };
		F6CFD09A24BDF08E00DA224C /* 6753F1F8-B34A-49EE-BCD9-8F22FAE0016F.json */ = {isa = PBXFileReference; fileEncoding = 4; lastKnownFileType = text.json; path = "6753F1F8-B34A-49EE-BCD9-8F22FAE0016F.json"; sourceTree = "<group>"; };
		F6CFD09B24BDF08E00DA224C /* 3DC59D8C-AE95-4AE5-93E6-DAB661B0FB78.json */ = {isa = PBXFileReference; fileEncoding = 4; lastKnownFileType = text.json; path = "3DC59D8C-AE95-4AE5-93E6-DAB661B0FB78.json"; sourceTree = "<group>"; };
		F6CFD0A824BEAC9C00DA224C /* Double.swift */ = {isa = PBXFileReference; lastKnownFileType = sourcecode.swift; path = Double.swift; sourceTree = "<group>"; };
		F6CFD0AC24BF179D00DA224C /* 4C8D2931-F8CB-4D6E-AF6E-8508BE0C407E.json */ = {isa = PBXFileReference; fileEncoding = 4; lastKnownFileType = text.json; path = "4C8D2931-F8CB-4D6E-AF6E-8508BE0C407E.json"; sourceTree = "<group>"; };
		F6CFD0B524BF90CA00DA224C /* CircleImage.swift */ = {isa = PBXFileReference; fileEncoding = 4; lastKnownFileType = sourcecode.swift; path = CircleImage.swift; sourceTree = "<group>"; };
		F6D80BDB2A1FAE5C00DED446 /* en */ = {isa = PBXFileReference; lastKnownFileType = text.plist.strings; name = en; path = en.lproj/InfoPlist.strings; sourceTree = "<group>"; };
		F6D80BDD2A1FAE6200DED446 /* fr */ = {isa = PBXFileReference; lastKnownFileType = text.plist.strings; name = fr; path = fr.lproj/InfoPlist.strings; sourceTree = "<group>"; };
		F6E2C0D32A3A5F64001FD8F1 /* TrailView.swift */ = {isa = PBXFileReference; lastKnownFileType = sourcecode.swift; path = TrailView.swift; sourceTree = "<group>"; };
		F6E2C0D52A3A725A001FD8F1 /* DifficultyView.swift */ = {isa = PBXFileReference; lastKnownFileType = sourcecode.swift; path = DifficultyView.swift; sourceTree = "<group>"; };
		F6E7FCB72A3DE5D900097C93 /* MailView.swift */ = {isa = PBXFileReference; lastKnownFileType = sourcecode.swift; path = MailView.swift; sourceTree = "<group>"; };
		F6F8E25424E825D20030CCEA /* CloudKit.framework */ = {isa = PBXFileReference; lastKnownFileType = wrapper.framework; name = CloudKit.framework; path = System/Library/Frameworks/CloudKit.framework; sourceTree = SDKROOT; };
/* End PBXFileReference section */

/* Begin PBXFrameworksBuildPhase section */
		D063478C245D768B003BA9E7 /* Frameworks */ = {
			isa = PBXFrameworksBuildPhase;
			buildActionMask = 2147483647;
			files = (
				D039506524B6097800C31D34 /* SwiftUICharts in Frameworks */,
				F60D12B22A28321700437AA1 /* CoreGPX in Frameworks */,
				F65DCC122A24D01100A24E10 /* Semaphore in Frameworks */,
				F658C2D62A1CFEF200979723 /* HidableTabView in Frameworks */,
			);
			runOnlyForDeploymentPostprocessing = 0;
		};
/* End PBXFrameworksBuildPhase section */

/* Begin PBXGroup section */
		D05B15012460045100B24666 /* SupportingFiles */ = {
			isa = PBXGroup;
			children = (
				F6CFD09124BDF08E00DA224C /* Trails */,
				F6CFD09024BDC18F00DA224C /* Gpx */,
				D063479A245D768C003BA9E7 /* Preview Content */,
				D0B01A8C2460420A00EE62AD /* Rando.entitlements */,
				F618724C24E7FB1900F98918 /* RandoRelease.entitlements */,
				D06347A0245D768C003BA9E7 /* Info.plist */,
				F6D80BDC2A1FAE5C00DED446 /* InfoPlist.strings */,
				D0531A712467FD8C0020FFE0 /* Localizable.strings */,
			);
			path = SupportingFiles;
			sourceTree = "<group>";
		};
		D05B1503246004BE00B24666 /* Location */ = {
			isa = PBXGroup;
			children = (
				D0630B6A245F571F006F6C44 /* LocationManager.swift */,
			);
			path = Location;
			sourceTree = "<group>";
		};
		D0634786245D768B003BA9E7 = {
			isa = PBXGroup;
			children = (
				D0634791245D768B003BA9E7 /* Rando */,
				D0634790245D768B003BA9E7 /* Products */,
				F6F8E25324E825D20030CCEA /* Frameworks */,
			);
			sourceTree = "<group>";
		};
		D0634790245D768B003BA9E7 /* Products */ = {
			isa = PBXGroup;
			children = (
				D063478F245D768B003BA9E7 /* Rando.app */,
			);
			name = Products;
			sourceTree = "<group>";
		};
		D0634791245D768B003BA9E7 /* Rando */ = {
			isa = PBXGroup;
			children = (
				D0634798245D768C003BA9E7 /* Assets.xcassets */,
				D09FB00A2465E14A0007F55B /* Extensions */,
				F6A3DEFD2A37DEA200C69B55 /* Main */,
				D05B1503246004BE00B24666 /* Location */,
				D0B7CDB624690C0800464C79 /* Map */,
				F618724B24E7F6FA00F98918 /* Network */,
				D0F9373E24683191005E8503 /* Notification */,
				F6A3DEC32A37C23A00C69B55 /* Poi */,
				D09FB00D2465E3F30007F55B /* Shared */,
				D05B15012460045100B24666 /* SupportingFiles */,
				D06347BB245DD66A003BA9E7 /* Tile */,
				F6A3DECB2A37C23A00C69B55 /* Trail */,
				F6A3DEFC2A37DE7E00C69B55 /* Settings */,
				F60E96912A2BFBF900CE8C81 /* Workout */,
			);
			path = Rando;
			sourceTree = "<group>";
		};
		D063479A245D768C003BA9E7 /* Preview Content */ = {
			isa = PBXGroup;
			children = (
				D063479B245D768C003BA9E7 /* Preview Assets.xcassets */,
			);
			path = "Preview Content";
			sourceTree = "<group>";
		};
		D06347BB245DD66A003BA9E7 /* Tile */ = {
			isa = PBXGroup;
			children = (
				D0C40E03245F37F900EF4873 /* TileManager.swift */,
			);
			path = Tile;
			sourceTree = "<group>";
		};
		D09FB00A2465E14A0007F55B /* Extensions */ = {
			isa = PBXGroup;
			children = (
				D0FF45AD246BE3080087697B /* Feedback.swift */,
				D09FB00B2465E15C0007F55B /* View.swift */,
				D0531A732467FE4C0020FFE0 /* String.swift */,
				D0B7CDB12468550D00464C79 /* Color.swift */,
				D007B88A246B60090040E1CF /* FileManager.swift */,
				D0FF45C7246C04AE0087697B /* CLLocationCoordinate2D.swift */,
				D0FF45E1246C06910087697B /* CLLocationDistance.swift */,
				F6CAAF3A24BC91DB006F991A /* UserDefaults.swift */,
				F6CFD0A824BEAC9C00DA224C /* Double.swift */,
				F6979BA024D4523D00228A0C /* CLGeocoder.swift */,
				F6A5816E24D46B7A0030F457 /* Array.swift */,
				F618724724E7F4DC00F98918 /* Device.swift */,
				F65DCC132A24E1B400A24E10 /* UIApplication.swift */,
				F60D12B92A28AB8200437AA1 /* Date.swift */,
			);
			path = Extensions;
			sourceTree = "<group>";
		};
		D09FB00D2465E3F30007F55B /* Shared */ = {
			isa = PBXGroup;
			children = (
				D09FB0082465D2360007F55B /* MiniImage.swift */,
				F6CFD0B524BF90CA00DA224C /* CircleImage.swift */,
				F6AEA1F824DAE8E1007509C1 /* TrailPreview.swift */,
				F639047A24DC8E58005B4FC1 /* GridStack.swift */,
				F67BAEBC24DD636200AC8A9F /* ObservableArray.swift */,
				F67BAEC224E7469300AC8A9F /* DismissButton.swift */,
				F629CBFB2A4B8EE7003BFDAD /* IconButtons.swift */,
				F62779BB2A218FBA00185386 /* FilterButton.swift */,
				F6A3DF022A37E58900C69B55 /* AppIcon.swift */,
				F6A3DF042A37EABD00C69B55 /* WebView.swift */,
				F6E2C0D52A3A725A001FD8F1 /* DifficultyView.swift */,
			);
			path = Shared;
			sourceTree = "<group>";
		};
		D0B7CDB624690C0800464C79 /* Map */ = {
			isa = PBXGroup;
			children = (
				D06347A6245DCD34003BA9E7 /* OldMapView.swift */,
				D0531A75246820BA0020FFE0 /* MapControlView.swift */,
				D0B7CDB72469184F00464C79 /* LayerView.swift */,
				D0B7CE1D246A996E00464C79 /* InfoPoiView.swift */,
				F61E421D29D4203A008D4275 /* MapView.swift */,
			);
			path = Map;
			sourceTree = "<group>";
		};
		D0F9373E24683191005E8503 /* Notification */ = {
			isa = PBXGroup;
			children = (
				D0F9373F246831D9005E8503 /* NotificationManager.swift */,
			);
			path = Notification;
			sourceTree = "<group>";
		};
		F60E96912A2BFBF900CE8C81 /* Workout */ = {
			isa = PBXGroup;
			children = (
				F60D12B32A28906100437AA1 /* WorkoutManager.swift */,
				F60D12B72A28A7A700437AA1 /* WorkoutRow.swift */,
				F60D12B52A28A12300437AA1 /* WorkoutView.swift */,
			);
			path = Workout;
			sourceTree = "<group>";
		};
		F618724B24E7F6FA00F98918 /* Network */ = {
			isa = PBXGroup;
			children = (
				F618724924E7F6F500F98918 /* NetworkManager.swift */,
			);
			path = Network;
			sourceTree = "<group>";
		};
		F6A3DEC32A37C23A00C69B55 /* Poi */ = {
			isa = PBXGroup;
			children = (
				F6A3DEC42A37C23A00C69B55 /* UI */,
				F6A3DEC82A37C23A00C69B55 /* PoiManager.swift */,
				F6A3DEC92A37C23A00C69B55 /* Poi.swift */,
				F6A3DECA2A37C23A00C69B55 /* pois.json */,
			);
			path = Poi;
			sourceTree = "<group>";
		};
		F6A3DEC42A37C23A00C69B55 /* UI */ = {
			isa = PBXGroup;
			children = (
				F6A3DEC52A37C23A00C69B55 /* PoiView.swift */,
				F6A3DEC62A37C23A00C69B55 /* PoiDetailView.swift */,
				F6A3DEC72A37C23A00C69B55 /* PoiRow.swift */,
			);
			path = UI;
			sourceTree = "<group>";
		};
		F6A3DECB2A37C23A00C69B55 /* Trail */ = {
			isa = PBXGroup;
			children = (
				F6A3DECC2A37C23A00C69B55 /* UI */,
				F6A3DEDF2A37C23A00C69B55 /* Trail.swift */,
				F6A3DEE02A37C23A00C69B55 /* TrailManager.swift */,
			);
			path = Trail;
			sourceTree = "<group>";
		};
		F6A3DECC2A37C23A00C69B55 /* UI */ = {
			isa = PBXGroup;
			children = (
				F6A3DECD2A37C23A00C69B55 /* TrailsView.swift */,
				F6E2C0D32A3A5F64001FD8F1 /* TrailView.swift */,
				F6A3DECE2A37C23A00C69B55 /* FilterView.swift */,
				F6A3DED12A37C23A00C69B55 /* Rows */,
				F6A3DEDA2A37C23A00C69B55 /* DocumentView.swift */,
				F6A3DEDB2A37C23A00C69B55 /* EnabledFiltersView.swift */,
				F6A3DEDD2A37C23A00C69B55 /* ImportView.swift */,
				F6A3DECF2A37C23A00C69B55 /* ImportGpxTileView.swift */,
				F6A3DEDE2A37C23A00C69B55 /* TourView.swift */,
				F6577E732A3C483F00162B81 /* EditTrailView.swift */,
				F66AFEBB2A3E8FFB0030086A /* LineChart.swift */,
				F68AF33D2A558FF300B3A629 /* TrailMapView.swift */,
			);
			path = UI;
			sourceTree = "<group>";
		};
		F6A3DED12A37C23A00C69B55 /* Rows */ = {
			isa = PBXGroup;
			children = (
				F6A3DED22A37C23A00C69B55 /* TourRow.swift */,
				F6A3DED32A37C23A00C69B55 /* ItineraryRow.swift */,
				F6A3DED42A37C23A00C69B55 /* TilesRow.swift */,
				F6A3DED52A37C23A00C69B55 /* MapSettingsRow.swift */,
				F6A3DED72A37C23A00C69B55 /* TrailRow.swift */,
				F6A3DED82A37C23A00C69B55 /* DeleteRow.swift */,
			);
			path = Rows;
			sourceTree = "<group>";
		};
		F6A3DEFC2A37DE7E00C69B55 /* Settings */ = {
			isa = PBXGroup;
			children = (
				F6A3DEFA2A37DE7900C69B55 /* SettingsView.swift */,
				F6B6C4A32A2371EA00B360E1 /* RemoveLayerView.swift */,
				F6E7FCB72A3DE5D900097C93 /* MailView.swift */,
			);
			path = Settings;
			sourceTree = "<group>";
		};
		F6A3DEFD2A37DEA200C69B55 /* Main */ = {
			isa = PBXGroup;
			children = (
				D063479D245D768C003BA9E7 /* LaunchScreen.storyboard */,
				D0634792245D768B003BA9E7 /* AppDelegate.swift */,
				D0634794245D768B003BA9E7 /* SceneDelegate.swift */,
				D0634796245D768B003BA9E7 /* ContentView.swift */,
				D05B14FE2460041F00B24666 /* HomeView.swift */,
			);
			path = Main;
			sourceTree = "<group>";
		};
		F6CFD09024BDC18F00DA224C /* Gpx */ = {
			isa = PBXGroup;
			children = (
				D0630B6C245F5828006F6C44 /* Etang d'Araing.gpx */,
				D0B7CDB32468691800464C79 /* Etang de Rulhe.gpx */,
			);
			path = Gpx;
			sourceTree = "<group>";
		};
		F6CFD09124BDF08E00DA224C /* Trails */ = {
			isa = PBXGroup;
			children = (
				F6BA8BD32A202EFB00F81120 /* 1F2EFFAF-C5C7-420E-B7C4-269E84A01053.json */,
				F6BA8BD42A202EFB00F81120 /* 2FD21731-5092-4270-B542-D2726FC74181.json */,
				F6BA8BCF2A202EFB00F81120 /* 3A3D319A-661F-4CAD-B926-A628C2DC45C4.json */,
				F6BA8BD82A202EFB00F81120 /* 14BAC0BC-FF48-43BC-9E54-F382C5857758.json */,
				F6BA8BD22A202EFB00F81120 /* 81F88398-D066-4F6B-83D2-6B51C1649031.json */,
				F6BA8BDA2A202EFB00F81120 /* 86B666DB-910E-49F2-A13E-6809148DC2FB.json */,
				F6BA8BD02A202EFB00F81120 /* 93C5647B-D07A-4907-A588-1D8561079B79.json */,
				F6BA8BD92A202EFB00F81120 /* 97B49B60-33E8-431B-8BE3-BCFC9B932AA3.json */,
				F6BA8BD72A202EFB00F81120 /* 602A32BA-DDFC-40C4-A133-D6F450C1AB6A.json */,
				F6BA8BDB2A202EFB00F81120 /* 966EDBBC-D452-4993-BC2D-E660F528B385.json */,
				F6BA8BD12A202EFB00F81120 /* DE343206-FB9F-4DDD-9379-E69E14DC4A93.json */,
				F6BA8BD52A202EFB00F81120 /* E7BB994D-CB88-434E-9B46-1ECF5D62B71D.json */,
				F6CFD0AC24BF179D00DA224C /* 4C8D2931-F8CB-4D6E-AF6E-8508BE0C407E.json */,
				F6CFD09224BDF08E00DA224C /* 613AD245-A082-4FDF-8103-199F3CA71C80.json */,
				F6CFD09324BDF08E00DA224C /* AC87370D-6A8F-43D5-A980-95356F6ACDA9.json */,
				F6CFD09424BDF08E00DA224C /* 6012EAA9-1C93-4FC9-BCA7-765EB62A3D87.json */,
				F6CFD09624BDF08E00DA224C /* 82197AB4-C068-4C69-82E2-9D078DDCBD11.json */,
				F6CFD09724BDF08E00DA224C /* C57678B0-ADD8-49CA-85EE-7C3EB5060783.json */,
				F6CFD09824BDF08E00DA224C /* C7CB0ED5-743B-40DC-88C1-F8ABF8172B11.json */,
				F6CFD09924BDF08E00DA224C /* 0F68603E-267D-41F9-AF21-A1A3235722DA.json */,
				F6CFD09A24BDF08E00DA224C /* 6753F1F8-B34A-49EE-BCD9-8F22FAE0016F.json */,
				F6CFD09B24BDF08E00DA224C /* 3DC59D8C-AE95-4AE5-93E6-DAB661B0FB78.json */,
			);
			path = Trails;
			sourceTree = "<group>";
		};
		F6F8E25324E825D20030CCEA /* Frameworks */ = {
			isa = PBXGroup;
			children = (
				F6BA8BE92A20AE4B00F81120 /* MobileCoreServices.framework */,
				F6F8E25424E825D20030CCEA /* CloudKit.framework */,
			);
			name = Frameworks;
			sourceTree = "<group>";
		};
/* End PBXGroup section */

/* Begin PBXNativeTarget section */
		D063478E245D768B003BA9E7 /* Rando */ = {
			isa = PBXNativeTarget;
			buildConfigurationList = D06347A3245D768C003BA9E7 /* Build configuration list for PBXNativeTarget "Rando" */;
			buildPhases = (
				D063478B245D768B003BA9E7 /* Sources */,
				D063478C245D768B003BA9E7 /* Frameworks */,
				D063478D245D768B003BA9E7 /* Resources */,
			);
			buildRules = (
			);
			dependencies = (
			);
			name = Rando;
			packageProductDependencies = (
				D039506424B6097800C31D34 /* SwiftUICharts */,
				F658C2D52A1CFEF200979723 /* HidableTabView */,
				F65DCC112A24D01100A24E10 /* Semaphore */,
				F60D12B12A28321700437AA1 /* CoreGPX */,
			);
			productName = GR10;
			productReference = D063478F245D768B003BA9E7 /* Rando.app */;
			productType = "com.apple.product-type.application";
		};
/* End PBXNativeTarget section */

/* Begin PBXProject section */
		D0634787245D768B003BA9E7 /* Project object */ = {
			isa = PBXProject;
			attributes = {
				BuildIndependentTargetsInParallel = YES;
				LastSwiftUpdateCheck = 1140;
				LastUpgradeCheck = 1430;
				ORGANIZATIONNAME = "Mathieu Vandeginste";
				TargetAttributes = {
					D063478E245D768B003BA9E7 = {
						CreatedOnToolsVersion = 11.4.1;
					};
				};
			};
			buildConfigurationList = D063478A245D768B003BA9E7 /* Build configuration list for PBXProject "Rando" */;
			compatibilityVersion = "Xcode 9.3";
			developmentRegion = en;
			hasScannedForEncodings = 0;
			knownRegions = (
				en,
				Base,
				fr,
			);
			mainGroup = D0634786245D768B003BA9E7;
			packageReferences = (
				D039506324B6097800C31D34 /* XCRemoteSwiftPackageReference "ChartView" */,
				F658C2D42A1CFEF200979723 /* XCRemoteSwiftPackageReference "HidableTabView-SwiftUI" */,
				F65DCC102A24D01100A24E10 /* XCRemoteSwiftPackageReference "Semaphore" */,
				F60D12B02A28321700437AA1 /* XCRemoteSwiftPackageReference "CoreGPX" */,
			);
			productRefGroup = D0634790245D768B003BA9E7 /* Products */;
			projectDirPath = "";
			projectRoot = "";
			targets = (
				D063478E245D768B003BA9E7 /* Rando */,
			);
		};
/* End PBXProject section */

/* Begin PBXResourcesBuildPhase section */
		D063478D245D768B003BA9E7 /* Resources */ = {
			isa = PBXResourcesBuildPhase;
			buildActionMask = 2147483647;
			files = (
				D063479F245D768C003BA9E7 /* LaunchScreen.storyboard in Resources */,
				F6CFD09C24BDF08E00DA224C /* 613AD245-A082-4FDF-8103-199F3CA71C80.json in Resources */,
				F6CFD0A224BDF08E00DA224C /* C7CB0ED5-743B-40DC-88C1-F8ABF8172B11.json in Resources */,
				F6BA8BE82A202EFB00F81120 /* 966EDBBC-D452-4993-BC2D-E660F528B385.json in Resources */,
				D0B7CDB52468694600464C79 /* Etang d'Araing.gpx in Resources */,
				F6BA8BE02A202EFB00F81120 /* 1F2EFFAF-C5C7-420E-B7C4-269E84A01053.json in Resources */,
				F6CFD09D24BDF08E00DA224C /* AC87370D-6A8F-43D5-A980-95356F6ACDA9.json in Resources */,
				F6BA8BDF2A202EFB00F81120 /* 81F88398-D066-4F6B-83D2-6B51C1649031.json in Resources */,
				D063479C245D768C003BA9E7 /* Preview Assets.xcassets in Resources */,
				F6CFD0A324BDF08E00DA224C /* 0F68603E-267D-41F9-AF21-A1A3235722DA.json in Resources */,
				F6CFD0AD24BF179D00DA224C /* 4C8D2931-F8CB-4D6E-AF6E-8508BE0C407E.json in Resources */,
				F6BA8BDC2A202EFB00F81120 /* 3A3D319A-661F-4CAD-B926-A628C2DC45C4.json in Resources */,
				F6D80BDA2A1FAE5C00DED446 /* InfoPlist.strings in Resources */,
				F6CFD0A124BDF08E00DA224C /* C57678B0-ADD8-49CA-85EE-7C3EB5060783.json in Resources */,
				F6BA8BDD2A202EFB00F81120 /* 93C5647B-D07A-4907-A588-1D8561079B79.json in Resources */,
				D0531A6F2467FD8C0020FFE0 /* Localizable.strings in Resources */,
				F6BA8BE72A202EFB00F81120 /* 86B666DB-910E-49F2-A13E-6809148DC2FB.json in Resources */,
				F6BA8BE52A202EFB00F81120 /* 14BAC0BC-FF48-43BC-9E54-F382C5857758.json in Resources */,
				D0634799245D768C003BA9E7 /* Assets.xcassets in Resources */,
				F6BA8BE12A202EFB00F81120 /* 2FD21731-5092-4270-B542-D2726FC74181.json in Resources */,
				F6A3DEE62A37C23A00C69B55 /* pois.json in Resources */,
				F6BA8BE42A202EFB00F81120 /* 602A32BA-DDFC-40C4-A133-D6F450C1AB6A.json in Resources */,
				F6CFD09E24BDF08E00DA224C /* 6012EAA9-1C93-4FC9-BCA7-765EB62A3D87.json in Resources */,
				F6CFD0A524BDF08E00DA224C /* 3DC59D8C-AE95-4AE5-93E6-DAB661B0FB78.json in Resources */,
				F6BA8BDE2A202EFB00F81120 /* DE343206-FB9F-4DDD-9379-E69E14DC4A93.json in Resources */,
				F6BA8BE62A202EFB00F81120 /* 97B49B60-33E8-431B-8BE3-BCFC9B932AA3.json in Resources */,
				F6CFD0A424BDF08E00DA224C /* 6753F1F8-B34A-49EE-BCD9-8F22FAE0016F.json in Resources */,
				D0B7CDB42468694200464C79 /* Etang de Rulhe.gpx in Resources */,
				F6BA8BE22A202EFB00F81120 /* E7BB994D-CB88-434E-9B46-1ECF5D62B71D.json in Resources */,
				F6CFD0A024BDF08E00DA224C /* 82197AB4-C068-4C69-82E2-9D078DDCBD11.json in Resources */,
			);
			runOnlyForDeploymentPostprocessing = 0;
		};
/* End PBXResourcesBuildPhase section */

/* Begin PBXSourcesBuildPhase section */
		D063478B245D768B003BA9E7 /* Sources */ = {
			isa = PBXSourcesBuildPhase;
			buildActionMask = 2147483647;
			files = (
				F62779BC2A218FBA00185386 /* FilterButton.swift in Sources */,
				F6A3DEF82A37C23A00C69B55 /* Trail.swift in Sources */,
				F6CFD0A924BEAC9C00DA224C /* Double.swift in Sources */,
				F65DCC142A24E1B400A24E10 /* UIApplication.swift in Sources */,
				F61E421E29D4203A008D4275 /* MapView.swift in Sources */,
				D0634793245D768B003BA9E7 /* AppDelegate.swift in Sources */,
				D0B7CE1E246A996E00464C79 /* InfoPoiView.swift in Sources */,
				D0B7CDB22468550D00464C79 /* Color.swift in Sources */,
				F60D12B42A28906200437AA1 /* WorkoutManager.swift in Sources */,
				F66AFEBC2A3E8FFB0030086A /* LineChart.swift in Sources */,
				F6A3DEF72A37C23A00C69B55 /* TourView.swift in Sources */,
				F6A5816F24D46B7A0030F457 /* Array.swift in Sources */,
				F6A3DEED2A37C23A00C69B55 /* TilesRow.swift in Sources */,
				F6A3DEE92A37C23A00C69B55 /* ImportGpxTileView.swift in Sources */,
				D0FF45E2246C06910087697B /* CLLocationDistance.swift in Sources */,
				D06347A7245DCD34003BA9E7 /* OldMapView.swift in Sources */,
				F6A3DEE32A37C23A00C69B55 /* PoiRow.swift in Sources */,
				F6A3DF032A37E58900C69B55 /* AppIcon.swift in Sources */,
				F6B6C4A42A2371EA00B360E1 /* RemoveLayerView.swift in Sources */,
				F6A3DEEC2A37C23A00C69B55 /* ItineraryRow.swift in Sources */,
				F6A3DEE82A37C23A00C69B55 /* FilterView.swift in Sources */,
				F6A3DEFB2A37DE7900C69B55 /* SettingsView.swift in Sources */,
				F60D12BA2A28AB8200437AA1 /* Date.swift in Sources */,
				F6E2C0D62A3A725A001FD8F1 /* DifficultyView.swift in Sources */,
				F6979BA124D4523D00228A0C /* CLGeocoder.swift in Sources */,
				D0F93740246831D9005E8503 /* NotificationManager.swift in Sources */,
				D0FF45C8246C04AE0087697B /* CLLocationCoordinate2D.swift in Sources */,
				F6A3DEE72A37C23A00C69B55 /* TrailsView.swift in Sources */,
				F6A3DEF12A37C23A00C69B55 /* DeleteRow.swift in Sources */,
				F6A3DEE12A37C23A00C69B55 /* PoiView.swift in Sources */,
				D05B14FF2460041F00B24666 /* HomeView.swift in Sources */,
				D0634795245D768B003BA9E7 /* SceneDelegate.swift in Sources */,
				F6CAAF3B24BC91DB006F991A /* UserDefaults.swift in Sources */,
				F6A3DEE22A37C23A00C69B55 /* PoiDetailView.swift in Sources */,
				D007B88B246B60090040E1CF /* FileManager.swift in Sources */,
				D09FB0092465D2360007F55B /* MiniImage.swift in Sources */,
				D0531A742467FE4C0020FFE0 /* String.swift in Sources */,
				F618724A24E7F6F500F98918 /* NetworkManager.swift in Sources */,
				F6E7FCB82A3DE5D900097C93 /* MailView.swift in Sources */,
				D0531A76246820BA0020FFE0 /* MapControlView.swift in Sources */,
				F6E2C0D42A3A5F64001FD8F1 /* TrailView.swift in Sources */,
				F6AEA1F924DAE8E1007509C1 /* TrailPreview.swift in Sources */,
				F68AF33E2A558FF300B3A629 /* TrailMapView.swift in Sources */,
				F6A3DEF62A37C23A00C69B55 /* ImportView.swift in Sources */,
				F6A3DF052A37EABD00C69B55 /* WebView.swift in Sources */,
				D0C40E04245F37F900EF4873 /* TileManager.swift in Sources */,
				D0B7CDB82469184F00464C79 /* LayerView.swift in Sources */,
				F6A3DEF92A37C23A00C69B55 /* TrailManager.swift in Sources */,
				F6577E742A3C483F00162B81 /* EditTrailView.swift in Sources */,
				F6A3DEF42A37C23A00C69B55 /* EnabledFiltersView.swift in Sources */,
				F6CFD0B624BF90CA00DA224C /* CircleImage.swift in Sources */,
				F618724824E7F4DC00F98918 /* Device.swift in Sources */,
				F6A3DEEE2A37C23A00C69B55 /* MapSettingsRow.swift in Sources */,
				F67BAEC324E7469300AC8A9F /* DismissButton.swift in Sources */,
				F639047B24DC8E58005B4FC1 /* GridStack.swift in Sources */,
				F6A3DEE52A37C23A00C69B55 /* Poi.swift in Sources */,
				F67BAEBD24DD636200AC8A9F /* ObservableArray.swift in Sources */,
				F60D12B82A28A7A700437AA1 /* WorkoutRow.swift in Sources */,
				F6A3DEF02A37C23A00C69B55 /* TrailRow.swift in Sources */,
				F6A3DEE42A37C23A00C69B55 /* PoiManager.swift in Sources */,
				F6A3DEEB2A37C23A00C69B55 /* TourRow.swift in Sources */,
				D09FB00C2465E15C0007F55B /* View.swift in Sources */,
				F629CBFC2A4B8EE7003BFDAD /* IconButtons.swift in Sources */,
				F60D12B62A28A12300437AA1 /* WorkoutView.swift in Sources */,
				D0634797245D768B003BA9E7 /* ContentView.swift in Sources */,
				D0630B6B245F571F006F6C44 /* LocationManager.swift in Sources */,
				D0FF45AE246BE3080087697B /* Feedback.swift in Sources */,
				F6A3DEF32A37C23A00C69B55 /* DocumentView.swift in Sources */,
			);
			runOnlyForDeploymentPostprocessing = 0;
		};
/* End PBXSourcesBuildPhase section */

/* Begin PBXVariantGroup section */
		D0531A712467FD8C0020FFE0 /* Localizable.strings */ = {
			isa = PBXVariantGroup;
			children = (
				D0531A702467FD8C0020FFE0 /* fr */,
				D0531A722467FD940020FFE0 /* en */,
			);
			name = Localizable.strings;
			sourceTree = "<group>";
		};
		D063479D245D768C003BA9E7 /* LaunchScreen.storyboard */ = {
			isa = PBXVariantGroup;
			children = (
				D063479E245D768C003BA9E7 /* Base */,
				D0531A6C2467FD3A0020FFE0 /* fr */,
			);
			name = LaunchScreen.storyboard;
			sourceTree = "<group>";
		};
		F6D80BDC2A1FAE5C00DED446 /* InfoPlist.strings */ = {
			isa = PBXVariantGroup;
			children = (
				F6D80BDB2A1FAE5C00DED446 /* en */,
				F6D80BDD2A1FAE6200DED446 /* fr */,
			);
			name = InfoPlist.strings;
			sourceTree = "<group>";
		};
/* End PBXVariantGroup section */

/* Begin XCBuildConfiguration section */
		D06347A1245D768C003BA9E7 /* Debug */ = {
			isa = XCBuildConfiguration;
			buildSettings = {
				ALWAYS_SEARCH_USER_PATHS = NO;
				CLANG_ANALYZER_LOCALIZABILITY_NONLOCALIZED = YES;
				CLANG_ANALYZER_NONNULL = YES;
				CLANG_ANALYZER_NUMBER_OBJECT_CONVERSION = YES_AGGRESSIVE;
				CLANG_CXX_LANGUAGE_STANDARD = "gnu++14";
				CLANG_CXX_LIBRARY = "libc++";
				CLANG_ENABLE_MODULES = YES;
				CLANG_ENABLE_OBJC_ARC = YES;
				CLANG_ENABLE_OBJC_WEAK = YES;
				CLANG_WARN_BLOCK_CAPTURE_AUTORELEASING = YES;
				CLANG_WARN_BOOL_CONVERSION = YES;
				CLANG_WARN_COMMA = YES;
				CLANG_WARN_CONSTANT_CONVERSION = YES;
				CLANG_WARN_DEPRECATED_OBJC_IMPLEMENTATIONS = YES;
				CLANG_WARN_DIRECT_OBJC_ISA_USAGE = YES_ERROR;
				CLANG_WARN_DOCUMENTATION_COMMENTS = YES;
				CLANG_WARN_EMPTY_BODY = YES;
				CLANG_WARN_ENUM_CONVERSION = YES;
				CLANG_WARN_INFINITE_RECURSION = YES;
				CLANG_WARN_INT_CONVERSION = YES;
				CLANG_WARN_NON_LITERAL_NULL_CONVERSION = YES;
				CLANG_WARN_OBJC_IMPLICIT_RETAIN_SELF = YES;
				CLANG_WARN_OBJC_LITERAL_CONVERSION = YES;
				CLANG_WARN_OBJC_ROOT_CLASS = YES_ERROR;
				CLANG_WARN_QUOTED_INCLUDE_IN_FRAMEWORK_HEADER = YES;
				CLANG_WARN_RANGE_LOOP_ANALYSIS = YES;
				CLANG_WARN_STRICT_PROTOTYPES = YES;
				CLANG_WARN_SUSPICIOUS_MOVE = YES;
				CLANG_WARN_UNGUARDED_AVAILABILITY = YES_AGGRESSIVE;
				CLANG_WARN_UNREACHABLE_CODE = YES;
				CLANG_WARN__DUPLICATE_METHOD_MATCH = YES;
				COPY_PHASE_STRIP = NO;
				DEBUG_INFORMATION_FORMAT = dwarf;
				ENABLE_STRICT_OBJC_MSGSEND = YES;
				ENABLE_TESTABILITY = YES;
				GCC_C_LANGUAGE_STANDARD = gnu11;
				GCC_DYNAMIC_NO_PIC = NO;
				GCC_NO_COMMON_BLOCKS = YES;
				GCC_OPTIMIZATION_LEVEL = 0;
				GCC_PREPROCESSOR_DEFINITIONS = (
					"DEBUG=1",
					"$(inherited)",
				);
				GCC_WARN_64_TO_32_BIT_CONVERSION = YES;
				GCC_WARN_ABOUT_RETURN_TYPE = YES_ERROR;
				GCC_WARN_UNDECLARED_SELECTOR = YES;
				GCC_WARN_UNINITIALIZED_AUTOS = YES_AGGRESSIVE;
				GCC_WARN_UNUSED_FUNCTION = YES;
				GCC_WARN_UNUSED_VARIABLE = YES;
				IPHONEOS_DEPLOYMENT_TARGET = 16.0;
				MTL_ENABLE_DEBUG_INFO = INCLUDE_SOURCE;
				MTL_FAST_MATH = YES;
				ONLY_ACTIVE_ARCH = YES;
				SDKROOT = iphoneos;
				SWIFT_ACTIVE_COMPILATION_CONDITIONS = DEBUG;
				SWIFT_OPTIMIZATION_LEVEL = "-Onone";
			};
			name = Debug;
		};
		D06347A2245D768C003BA9E7 /* Release */ = {
			isa = XCBuildConfiguration;
			buildSettings = {
				ALWAYS_SEARCH_USER_PATHS = NO;
				CLANG_ANALYZER_LOCALIZABILITY_NONLOCALIZED = YES;
				CLANG_ANALYZER_NONNULL = YES;
				CLANG_ANALYZER_NUMBER_OBJECT_CONVERSION = YES_AGGRESSIVE;
				CLANG_CXX_LANGUAGE_STANDARD = "gnu++14";
				CLANG_CXX_LIBRARY = "libc++";
				CLANG_ENABLE_MODULES = YES;
				CLANG_ENABLE_OBJC_ARC = YES;
				CLANG_ENABLE_OBJC_WEAK = YES;
				CLANG_WARN_BLOCK_CAPTURE_AUTORELEASING = YES;
				CLANG_WARN_BOOL_CONVERSION = YES;
				CLANG_WARN_COMMA = YES;
				CLANG_WARN_CONSTANT_CONVERSION = YES;
				CLANG_WARN_DEPRECATED_OBJC_IMPLEMENTATIONS = YES;
				CLANG_WARN_DIRECT_OBJC_ISA_USAGE = YES_ERROR;
				CLANG_WARN_DOCUMENTATION_COMMENTS = YES;
				CLANG_WARN_EMPTY_BODY = YES;
				CLANG_WARN_ENUM_CONVERSION = YES;
				CLANG_WARN_INFINITE_RECURSION = YES;
				CLANG_WARN_INT_CONVERSION = YES;
				CLANG_WARN_NON_LITERAL_NULL_CONVERSION = YES;
				CLANG_WARN_OBJC_IMPLICIT_RETAIN_SELF = YES;
				CLANG_WARN_OBJC_LITERAL_CONVERSION = YES;
				CLANG_WARN_OBJC_ROOT_CLASS = YES_ERROR;
				CLANG_WARN_QUOTED_INCLUDE_IN_FRAMEWORK_HEADER = YES;
				CLANG_WARN_RANGE_LOOP_ANALYSIS = YES;
				CLANG_WARN_STRICT_PROTOTYPES = YES;
				CLANG_WARN_SUSPICIOUS_MOVE = YES;
				CLANG_WARN_UNGUARDED_AVAILABILITY = YES_AGGRESSIVE;
				CLANG_WARN_UNREACHABLE_CODE = YES;
				CLANG_WARN__DUPLICATE_METHOD_MATCH = YES;
				COPY_PHASE_STRIP = NO;
				DEBUG_INFORMATION_FORMAT = "dwarf-with-dsym";
				ENABLE_NS_ASSERTIONS = NO;
				ENABLE_STRICT_OBJC_MSGSEND = YES;
				GCC_C_LANGUAGE_STANDARD = gnu11;
				GCC_NO_COMMON_BLOCKS = YES;
				GCC_WARN_64_TO_32_BIT_CONVERSION = YES;
				GCC_WARN_ABOUT_RETURN_TYPE = YES_ERROR;
				GCC_WARN_UNDECLARED_SELECTOR = YES;
				GCC_WARN_UNINITIALIZED_AUTOS = YES_AGGRESSIVE;
				GCC_WARN_UNUSED_FUNCTION = YES;
				GCC_WARN_UNUSED_VARIABLE = YES;
				IPHONEOS_DEPLOYMENT_TARGET = 16.0;
				MTL_ENABLE_DEBUG_INFO = NO;
				MTL_FAST_MATH = YES;
				SDKROOT = iphoneos;
				SWIFT_COMPILATION_MODE = wholemodule;
				SWIFT_OPTIMIZATION_LEVEL = "-O";
				VALIDATE_PRODUCT = YES;
			};
			name = Release;
		};
		D06347A4245D768C003BA9E7 /* Debug */ = {
			isa = XCBuildConfiguration;
			buildSettings = {
				ASSETCATALOG_COMPILER_APPICON_NAME = AppIcon;
				ASSETCATALOG_COMPILER_INCLUDE_ALL_APPICON_ASSETS = NO;
				CODE_SIGN_ENTITLEMENTS = Rando/SupportingFiles/Rando.entitlements;
				CODE_SIGN_IDENTITY = "Apple Development";
				CODE_SIGN_STYLE = Automatic;
				CURRENT_PROJECT_VERSION = 41;
				DEVELOPMENT_ASSET_PATHS = "\"Rando/SupportingFiles/Preview Content\"";
				DEVELOPMENT_TEAM = 3WAQF3AS82;
				DONT_GENERATE_INFOPLIST_FILE = NO;
				ENABLE_PREVIEWS = YES;
				GENERATE_INFOPLIST_FILE = YES;
				INFOPLIST_FILE = Rando/SupportingFiles/Info.plist;
				INFOPLIST_KEY_CFBundleDisplayName = Rando;
				INFOPLIST_KEY_LSApplicationCategoryType = "public.app-category.travel";
				INFOPLIST_KEY_NSHealthShareUsageDescription = "Rando a besoin de votre permission pour lire vos exercices afin de les importer dans vos randonnées";
				INFOPLIST_KEY_NSHealthUpdateUsageDescription = "Rando a besoin de votre permission pour lire vos exercices afin de les importer dans vos randonnées";
				INFOPLIST_KEY_NSLocationUsageDescription = "Rando a besoin de votre position GPS pour la montrer sur la carte !";
				INFOPLIST_KEY_NSLocationWhenInUseUsageDescription = "Rando a besoin de votre position GPS pour la montrer sur la carte !";
				INFOPLIST_KEY_UILaunchStoryboardName = LaunchScreen;
				INFOPLIST_KEY_UIRequiredDeviceCapabilities = armv7;
				INFOPLIST_KEY_UISupportedInterfaceOrientations = "UIInterfaceOrientationLandscapeLeft UIInterfaceOrientationLandscapeRight UIInterfaceOrientationPortrait";
				INFOPLIST_KEY_UISupportedInterfaceOrientations_iPad = "UIInterfaceOrientationLandscapeLeft UIInterfaceOrientationLandscapeRight UIInterfaceOrientationPortrait UIInterfaceOrientationPortraitUpsideDown";
				IPHONEOS_DEPLOYMENT_TARGET = 16.0;
				LD_RUNPATH_SEARCH_PATHS = (
					"$(inherited)",
					"@executable_path/Frameworks",
				);
				MARKETING_VERSION = 1.11;
				PRODUCT_BUNDLE_IDENTIFIER = com.matvdg.rando;
				PRODUCT_NAME = "$(TARGET_NAME)";
				PROVISIONING_PROFILE_SPECIFIER = "";
				SUPPORTED_PLATFORMS = "iphoneos iphonesimulator";
				SUPPORTS_MACCATALYST = YES;
				SUPPORTS_MAC_DESIGNED_FOR_IPHONE_IPAD = NO;
				SWIFT_VERSION = 5.0;
				TARGETED_DEVICE_FAMILY = "1,2";
			};
			name = Debug;
		};
		D06347A5245D768C003BA9E7 /* Release */ = {
			isa = XCBuildConfiguration;
			buildSettings = {
				ASSETCATALOG_COMPILER_APPICON_NAME = AppIcon;
				ASSETCATALOG_COMPILER_INCLUDE_ALL_APPICON_ASSETS = NO;
				CODE_SIGN_ENTITLEMENTS = Rando/SupportingFiles/RandoRelease.entitlements;
				CODE_SIGN_IDENTITY = "Apple Development";
				CODE_SIGN_STYLE = Automatic;
				CURRENT_PROJECT_VERSION = 41;
				DEVELOPMENT_ASSET_PATHS = "\"Rando/SupportingFiles/Preview Content\"";
				DEVELOPMENT_TEAM = 3WAQF3AS82;
				DONT_GENERATE_INFOPLIST_FILE = NO;
				ENABLE_PREVIEWS = YES;
				GENERATE_INFOPLIST_FILE = YES;
				INFOPLIST_FILE = Rando/SupportingFiles/Info.plist;
				INFOPLIST_KEY_CFBundleDisplayName = Rando;
				INFOPLIST_KEY_LSApplicationCategoryType = "public.app-category.travel";
				INFOPLIST_KEY_NSHealthShareUsageDescription = "Rando a besoin de votre permission pour lire vos exercices afin de les importer dans vos randonnées";
				INFOPLIST_KEY_NSHealthUpdateUsageDescription = "Rando a besoin de votre permission pour lire vos exercices afin de les importer dans vos randonnées";
				INFOPLIST_KEY_NSLocationUsageDescription = "Rando a besoin de votre position GPS pour la montrer sur la carte !";
				INFOPLIST_KEY_NSLocationWhenInUseUsageDescription = "Rando a besoin de votre position GPS pour la montrer sur la carte !";
				INFOPLIST_KEY_UILaunchStoryboardName = LaunchScreen;
				INFOPLIST_KEY_UIRequiredDeviceCapabilities = armv7;
				INFOPLIST_KEY_UISupportedInterfaceOrientations = "UIInterfaceOrientationLandscapeLeft UIInterfaceOrientationLandscapeRight UIInterfaceOrientationPortrait";
				INFOPLIST_KEY_UISupportedInterfaceOrientations_iPad = "UIInterfaceOrientationLandscapeLeft UIInterfaceOrientationLandscapeRight UIInterfaceOrientationPortrait UIInterfaceOrientationPortraitUpsideDown";
				IPHONEOS_DEPLOYMENT_TARGET = 16.0;
				LD_RUNPATH_SEARCH_PATHS = (
					"$(inherited)",
					"@executable_path/Frameworks",
				);
				MARKETING_VERSION = 1.11;
				PRODUCT_BUNDLE_IDENTIFIER = com.matvdg.rando;
				PRODUCT_NAME = "$(TARGET_NAME)";
				PROVISIONING_PROFILE_SPECIFIER = "";
				SUPPORTED_PLATFORMS = "iphoneos iphonesimulator";
				SUPPORTS_MACCATALYST = YES;
				SUPPORTS_MAC_DESIGNED_FOR_IPHONE_IPAD = NO;
				SWIFT_VERSION = 5.0;
				TARGETED_DEVICE_FAMILY = "1,2";
			};
			name = Release;
		};
/* End XCBuildConfiguration section */

/* Begin XCConfigurationList section */
		D063478A245D768B003BA9E7 /* Build configuration list for PBXProject "Rando" */ = {
			isa = XCConfigurationList;
			buildConfigurations = (
				D06347A1245D768C003BA9E7 /* Debug */,
				D06347A2245D768C003BA9E7 /* Release */,
			);
			defaultConfigurationIsVisible = 0;
			defaultConfigurationName = Release;
		};
		D06347A3245D768C003BA9E7 /* Build configuration list for PBXNativeTarget "Rando" */ = {
			isa = XCConfigurationList;
			buildConfigurations = (
				D06347A4245D768C003BA9E7 /* Debug */,
				D06347A5245D768C003BA9E7 /* Release */,
			);
			defaultConfigurationIsVisible = 0;
			defaultConfigurationName = Release;
		};
/* End XCConfigurationList section */

/* Begin XCRemoteSwiftPackageReference section */
		D039506324B6097800C31D34 /* XCRemoteSwiftPackageReference "ChartView" */ = {
			isa = XCRemoteSwiftPackageReference;
			repositoryURL = "https://github.com/AppPear/ChartView";
			requirement = {
				kind = upToNextMajorVersion;
				minimumVersion = 1.5.3;
			};
		};
		F60D12B02A28321700437AA1 /* XCRemoteSwiftPackageReference "CoreGPX" */ = {
			isa = XCRemoteSwiftPackageReference;
			repositoryURL = "https://github.com/vincentneo/CoreGPX.git";
			requirement = {
				kind = upToNextMajorVersion;
				minimumVersion = 0.9.2;
			};
		};
		F658C2D42A1CFEF200979723 /* XCRemoteSwiftPackageReference "HidableTabView-SwiftUI" */ = {
			isa = XCRemoteSwiftPackageReference;
			repositoryURL = "https://github.com/AliMert/HidableTabView-SwiftUI.git";
			requirement = {
				kind = upToNextMajorVersion;
				minimumVersion = 1.0.0;
			};
		};
		F65DCC102A24D01100A24E10 /* XCRemoteSwiftPackageReference "Semaphore" */ = {
			isa = XCRemoteSwiftPackageReference;
			repositoryURL = "https://github.com/groue/Semaphore.git";
			requirement = {
				kind = upToNextMajorVersion;
				minimumVersion = 0.0.8;
			};
		};
/* End XCRemoteSwiftPackageReference section */

/* Begin XCSwiftPackageProductDependency section */
		D039506424B6097800C31D34 /* SwiftUICharts */ = {
			isa = XCSwiftPackageProductDependency;
			package = D039506324B6097800C31D34 /* XCRemoteSwiftPackageReference "ChartView" */;
			productName = SwiftUICharts;
		};
		F60D12B12A28321700437AA1 /* CoreGPX */ = {
			isa = XCSwiftPackageProductDependency;
			package = F60D12B02A28321700437AA1 /* XCRemoteSwiftPackageReference "CoreGPX" */;
			productName = CoreGPX;
		};
		F658C2D52A1CFEF200979723 /* HidableTabView */ = {
			isa = XCSwiftPackageProductDependency;
			package = F658C2D42A1CFEF200979723 /* XCRemoteSwiftPackageReference "HidableTabView-SwiftUI" */;
			productName = HidableTabView;
		};
		F65DCC112A24D01100A24E10 /* Semaphore */ = {
			isa = XCSwiftPackageProductDependency;
			package = F65DCC102A24D01100A24E10 /* XCRemoteSwiftPackageReference "Semaphore" */;
			productName = Semaphore;
		};
/* End XCSwiftPackageProductDependency section */
	};
	rootObject = D0634787245D768B003BA9E7 /* Project object */;
}
